// !$*UTF8*$!
{
	archiveVersion = 1;
	classes = {
	};
	objectVersion = 48;
	objects = {

/* Begin PBXBuildFile section */
		721AB2951FFC37E6004F8B24 /* SocketController.m in Sources */ = {isa = PBXBuildFile; fileRef = 721AB2941FFC37E6004F8B24 /* SocketController.m */; };
		721AB299200557D4004F8B24 /* RegistrationEncoderTests.m in Sources */ = {isa = PBXBuildFile; fileRef = 721AB298200557D4004F8B24 /* RegistrationEncoderTests.m */; };
		721AB29B200557E1004F8B24 /* RegistrationDecoderTests.m in Sources */ = {isa = PBXBuildFile; fileRef = 721AB29A200557E1004F8B24 /* RegistrationDecoderTests.m */; };
		723D2637212CBAD200D97967 /* ServicesController.m in Sources */ = {isa = PBXBuildFile; fileRef = 723D2636212CBAD200D97967 /* ServicesController.m */; };
		72530F831FF2FC74009500BD /* AppDelegate.m in Sources */ = {isa = PBXBuildFile; fileRef = 72530F821FF2FC74009500BD /* AppDelegate.m */; };
		72530F891FF2FC74009500BD /* Main.storyboard in Resources */ = {isa = PBXBuildFile; fileRef = 72530F871FF2FC74009500BD /* Main.storyboard */; };
		72530F8B1FF2FC74009500BD /* Assets.xcassets in Resources */ = {isa = PBXBuildFile; fileRef = 72530F8A1FF2FC74009500BD /* Assets.xcassets */; };
		72530F8E1FF2FC74009500BD /* LaunchScreen.storyboard in Resources */ = {isa = PBXBuildFile; fileRef = 72530F8C1FF2FC74009500BD /* LaunchScreen.storyboard */; };
		72530F911FF2FC74009500BD /* main.m in Sources */ = {isa = PBXBuildFile; fileRef = 72530F901FF2FC74009500BD /* main.m */; };
		72530FC71FF2FCDA009500BD /* RegistrationRequestTests.m in Sources */ = {isa = PBXBuildFile; fileRef = 72530FC61FF2FCDA009500BD /* RegistrationRequestTests.m */; };
		72530FC91FF2FCEB009500BD /* RegistrationResponseTests.m in Sources */ = {isa = PBXBuildFile; fileRef = 72530FC81FF2FCEB009500BD /* RegistrationResponseTests.m */; };
		72530FD81FF2FF0C009500BD /* RegistrationRequest.m in Sources */ = {isa = PBXBuildFile; fileRef = 72530FD71FF2FF0C009500BD /* RegistrationRequest.m */; };
		72530FDB1FF3039D009500BD /* RegistrationResponse.m in Sources */ = {isa = PBXBuildFile; fileRef = 72530FDA1FF3039D009500BD /* RegistrationResponse.m */; };
		72530FDD1FF3AF1A009500BD /* RegistrationServiceTests.m in Sources */ = {isa = PBXBuildFile; fileRef = 72530FDC1FF3AF1A009500BD /* RegistrationServiceTests.m */; };
		72530FE41FF3C03A009500BD /* RegistrationService.m in Sources */ = {isa = PBXBuildFile; fileRef = 72530FE31FF3C03A009500BD /* RegistrationService.m */; };
		7255C4041FF3C4C600EFF48F /* RegistrationEncoder.m in Sources */ = {isa = PBXBuildFile; fileRef = 7255C4031FF3C4C600EFF48F /* RegistrationEncoder.m */; };
		7255C4091FF3C4EE00EFF48F /* RegistrationDecoder.m in Sources */ = {isa = PBXBuildFile; fileRef = 7255C4081FF3C4EE00EFF48F /* RegistrationDecoder.m */; };
		7255C4111FF3C74C00EFF48F /* MockRegistrationEncoder.m in Sources */ = {isa = PBXBuildFile; fileRef = 7255C4101FF3C74C00EFF48F /* MockRegistrationEncoder.m */; };
		7255C4141FF3C75800EFF48F /* MockRegistrationDecoder.m in Sources */ = {isa = PBXBuildFile; fileRef = 7255C4131FF3C75800EFF48F /* MockRegistrationDecoder.m */; };
		7255C4201FF810AB00EFF48F /* MockRegistrationEncoderWithError.m in Sources */ = {isa = PBXBuildFile; fileRef = 7255C41F1FF810AB00EFF48F /* MockRegistrationEncoderWithError.m */; };
		72719819207D44070077C8C4 /* TestAppDelegate.m in Sources */ = {isa = PBXBuildFile; fileRef = 72719818207D44070077C8C4 /* TestAppDelegate.m */; };
		7271985F207D56900077C8C4 /* MessageDecoder.m in Sources */ = {isa = PBXBuildFile; fileRef = 72719856207D568E0077C8C4 /* MessageDecoder.m */; };
		72719860207D56900077C8C4 /* MessageService.m in Sources */ = {isa = PBXBuildFile; fileRef = 7271985B207D568F0077C8C4 /* MessageService.m */; };
		72719861207D56900077C8C4 /* MessageEncoder.m in Sources */ = {isa = PBXBuildFile; fileRef = 7271985D207D56900077C8C4 /* MessageEncoder.m */; };
		72785B8420755F61005B4A55 /* SocketHelper.m in Sources */ = {isa = PBXBuildFile; fileRef = 72785B8320755F61005B4A55 /* SocketHelper.m */; };
		72785B8720755FEE005B4A55 /* ErrorHelper.m in Sources */ = {isa = PBXBuildFile; fileRef = 72785B8620755FEE005B4A55 /* ErrorHelper.m */; };
		727D34621FFC2B3000C1E5B0 /* MockRegistrationServiceDelegate.m in Sources */ = {isa = PBXBuildFile; fileRef = 727D34611FFC2B3000C1E5B0 /* MockRegistrationServiceDelegate.m */; };
		72ADEF34212CAA9100A6A8A2 /* AppDependencies.m in Sources */ = {isa = PBXBuildFile; fileRef = 72ADEF33212CAA9000A6A8A2 /* AppDependencies.m */; };
		72C0D367207E93D50086C054 /* MessageRequest.m in Sources */ = {isa = PBXBuildFile; fileRef = 72C0D364207E93D40086C054 /* MessageRequest.m */; };
		72C0D368207E93D50086C054 /* MessageResponse.m in Sources */ = {isa = PBXBuildFile; fileRef = 72C0D365207E93D40086C054 /* MessageResponse.m */; };
		72C0D384207FFBE70086C054 /* RegistrationRouter.m in Sources */ = {isa = PBXBuildFile; fileRef = 72C0D383207FFBE70086C054 /* RegistrationRouter.m */; };
		72C0D388207FFC120086C054 /* RegistrationInteractor.m in Sources */ = {isa = PBXBuildFile; fileRef = 72C0D387207FFC120086C054 /* RegistrationInteractor.m */; };
		72C0D38C207FFC3E0086C054 /* RegistrationPresenter.m in Sources */ = {isa = PBXBuildFile; fileRef = 72C0D38B207FFC3E0086C054 /* RegistrationPresenter.m */; };
		72C0D38F207FFC4D0086C054 /* RegistrationViewController.m in Sources */ = {isa = PBXBuildFile; fileRef = 72C0D38E207FFC4D0086C054 /* RegistrationViewController.m */; };
		72C0D391207FFC5C0086C054 /* Registration.storyboard in Resources */ = {isa = PBXBuildFile; fileRef = 72C0D390207FFC5C0086C054 /* Registration.storyboard */; };
		72C0D393207FFE130086C054 /* Messages.storyboard in Resources */ = {isa = PBXBuildFile; fileRef = 72C0D392207FFE130086C054 /* Messages.storyboard */; };
		72C0D396207FFE1E0086C054 /* MessagesViewController.m in Sources */ = {isa = PBXBuildFile; fileRef = 72C0D395207FFE1E0086C054 /* MessagesViewController.m */; };
		72C0D39A207FFE430086C054 /* MessagesPresenter.m in Sources */ = {isa = PBXBuildFile; fileRef = 72C0D399207FFE430086C054 /* MessagesPresenter.m */; };
		72C0D39E207FFE6A0086C054 /* MessagesInteractor.m in Sources */ = {isa = PBXBuildFile; fileRef = 72C0D39D207FFE6A0086C054 /* MessagesInteractor.m */; };
		72C0D3A2207FFE8A0086C054 /* MessagesRouter.m in Sources */ = {isa = PBXBuildFile; fileRef = 72C0D3A1207FFE8A0086C054 /* MessagesRouter.m */; };
		72D94899200A122F007D89F9 /* DelimiterFramer.m in Sources */ = {isa = PBXBuildFile; fileRef = 72D94898200A122F007D89F9 /* DelimiterFramer.m */; };
		72D9489C20167084007D89F9 /* ServicesManagerTests.m in Sources */ = {isa = PBXBuildFile; fileRef = 72D9489B20167084007D89F9 /* ServicesManagerTests.m */; };
		72D948A02016710C007D89F9 /* MockFramer.m in Sources */ = {isa = PBXBuildFile; fileRef = 72D9489F2016710C007D89F9 /* MockFramer.m */; };
		72D948A820167345007D89F9 /* MockMessageReceiver.m in Sources */ = {isa = PBXBuildFile; fileRef = 72D948A720167345007D89F9 /* MockMessageReceiver.m */; };
		72EA1328208256C200E10B79 /* MessageCell.m in Sources */ = {isa = PBXBuildFile; fileRef = 72EA1327208256C200E10B79 /* MessageCell.m */; };
		72EEBC782081FF81008C8515 /* RegistrationResponsePlainObject.m in Sources */ = {isa = PBXBuildFile; fileRef = 72EEBC772081FF81008C8515 /* RegistrationResponsePlainObject.m */; };
		72EEBC7F20824BD3008C8515 /* MessageResponsePlainObject.m in Sources */ = {isa = PBXBuildFile; fileRef = 72EEBC7E20824BD3008C8515 /* MessageResponsePlainObject.m */; };
		AE687C012B764B0E4137801E /* Pods_MessengerClient.framework in Frameworks */ = {isa = PBXBuildFile; fileRef = 398372A55475B82D1284E819 /* Pods_MessengerClient.framework */; };
		D59C8224D4CF9B0222D31949 /* Pods_MessengerClientTests.framework in Frameworks */ = {isa = PBXBuildFile; fileRef = 5ECCDA76DD193EFBD096907E /* Pods_MessengerClientTests.framework */; };
/* End PBXBuildFile section */

/* Begin PBXContainerItemProxy section */
		72530F971FF2FC74009500BD /* PBXContainerItemProxy */ = {
			isa = PBXContainerItemProxy;
			containerPortal = 72530F761FF2FC73009500BD /* Project object */;
			proxyType = 1;
			remoteGlobalIDString = 72530F7D1FF2FC74009500BD;
			remoteInfo = MessengerClient;
		};
/* End PBXContainerItemProxy section */

/* Begin PBXFileReference section */
		398372A55475B82D1284E819 /* Pods_MessengerClient.framework */ = {isa = PBXFileReference; explicitFileType = wrapper.framework; includeInIndex = 0; path = Pods_MessengerClient.framework; sourceTree = BUILT_PRODUCTS_DIR; };
		4E684813FDC7537F0D3D4C1A /* Pods-MessengerClient.debug.xcconfig */ = {isa = PBXFileReference; includeInIndex = 1; lastKnownFileType = text.xcconfig; name = "Pods-MessengerClient.debug.xcconfig"; path = "Pods/Target Support Files/Pods-MessengerClient/Pods-MessengerClient.debug.xcconfig"; sourceTree = "<group>"; };
		5ECCDA76DD193EFBD096907E /* Pods_MessengerClientTests.framework */ = {isa = PBXFileReference; explicitFileType = wrapper.framework; includeInIndex = 0; path = Pods_MessengerClientTests.framework; sourceTree = BUILT_PRODUCTS_DIR; };
		721AB2931FFC37E6004F8B24 /* SocketController.h */ = {isa = PBXFileReference; lastKnownFileType = sourcecode.c.h; path = SocketController.h; sourceTree = "<group>"; };
		721AB2941FFC37E6004F8B24 /* SocketController.m */ = {isa = PBXFileReference; lastKnownFileType = sourcecode.c.objc; path = SocketController.m; sourceTree = "<group>"; };
		721AB29720042E22004F8B24 /* FramerType.h */ = {isa = PBXFileReference; lastKnownFileType = sourcecode.c.h; path = FramerType.h; sourceTree = "<group>"; };
		721AB298200557D4004F8B24 /* RegistrationEncoderTests.m */ = {isa = PBXFileReference; lastKnownFileType = sourcecode.c.objc; path = RegistrationEncoderTests.m; sourceTree = "<group>"; };
		721AB29A200557E1004F8B24 /* RegistrationDecoderTests.m */ = {isa = PBXFileReference; lastKnownFileType = sourcecode.c.objc; path = RegistrationDecoderTests.m; sourceTree = "<group>"; };
		723D2635212CBAA700D97967 /* ServicesControllerType.h */ = {isa = PBXFileReference; fileEncoding = 4; lastKnownFileType = sourcecode.c.h; path = ServicesControllerType.h; sourceTree = "<group>"; };
		723D2636212CBAD200D97967 /* ServicesController.m */ = {isa = PBXFileReference; fileEncoding = 4; lastKnownFileType = sourcecode.c.objc; path = ServicesController.m; sourceTree = "<group>"; };
		72530F7E1FF2FC74009500BD /* MessengerClient.app */ = {isa = PBXFileReference; explicitFileType = wrapper.application; includeInIndex = 0; path = MessengerClient.app; sourceTree = BUILT_PRODUCTS_DIR; };
		72530F811FF2FC74009500BD /* AppDelegate.h */ = {isa = PBXFileReference; lastKnownFileType = sourcecode.c.h; path = AppDelegate.h; sourceTree = "<group>"; };
		72530F821FF2FC74009500BD /* AppDelegate.m */ = {isa = PBXFileReference; lastKnownFileType = sourcecode.c.objc; path = AppDelegate.m; sourceTree = "<group>"; };
		72530F881FF2FC74009500BD /* Base */ = {isa = PBXFileReference; lastKnownFileType = file.storyboard; name = Base; path = Base.lproj/Main.storyboard; sourceTree = "<group>"; };
		72530F8A1FF2FC74009500BD /* Assets.xcassets */ = {isa = PBXFileReference; lastKnownFileType = folder.assetcatalog; path = Assets.xcassets; sourceTree = "<group>"; };
		72530F8D1FF2FC74009500BD /* Base */ = {isa = PBXFileReference; lastKnownFileType = file.storyboard; name = Base; path = Base.lproj/LaunchScreen.storyboard; sourceTree = "<group>"; };
		72530F8F1FF2FC74009500BD /* Info.plist */ = {isa = PBXFileReference; lastKnownFileType = text.plist.xml; path = Info.plist; sourceTree = "<group>"; };
		72530F901FF2FC74009500BD /* main.m */ = {isa = PBXFileReference; lastKnownFileType = sourcecode.c.objc; path = main.m; sourceTree = "<group>"; };
		72530F961FF2FC74009500BD /* MessengerClientTests.xctest */ = {isa = PBXFileReference; explicitFileType = wrapper.cfbundle; includeInIndex = 0; path = MessengerClientTests.xctest; sourceTree = BUILT_PRODUCTS_DIR; };
		72530F9C1FF2FC74009500BD /* Info.plist */ = {isa = PBXFileReference; lastKnownFileType = text.plist.xml; path = Info.plist; sourceTree = "<group>"; };
		72530FA71FF2FC74009500BD /* Info.plist */ = {isa = PBXFileReference; lastKnownFileType = text.plist.xml; path = Info.plist; sourceTree = "<group>"; };
		72530FC61FF2FCDA009500BD /* RegistrationRequestTests.m */ = {isa = PBXFileReference; lastKnownFileType = sourcecode.c.objc; path = RegistrationRequestTests.m; sourceTree = "<group>"; };
		72530FC81FF2FCEB009500BD /* RegistrationResponseTests.m */ = {isa = PBXFileReference; lastKnownFileType = sourcecode.c.objc; path = RegistrationResponseTests.m; sourceTree = "<group>"; };
		72530FD61FF2FF0C009500BD /* RegistrationRequest.h */ = {isa = PBXFileReference; lastKnownFileType = sourcecode.c.h; path = RegistrationRequest.h; sourceTree = "<group>"; };
		72530FD71FF2FF0C009500BD /* RegistrationRequest.m */ = {isa = PBXFileReference; lastKnownFileType = sourcecode.c.objc; path = RegistrationRequest.m; sourceTree = "<group>"; };
		72530FD91FF3039D009500BD /* RegistrationResponse.h */ = {isa = PBXFileReference; lastKnownFileType = sourcecode.c.h; path = RegistrationResponse.h; sourceTree = "<group>"; };
		72530FDA1FF3039D009500BD /* RegistrationResponse.m */ = {isa = PBXFileReference; lastKnownFileType = sourcecode.c.objc; path = RegistrationResponse.m; sourceTree = "<group>"; };
		72530FDC1FF3AF1A009500BD /* RegistrationServiceTests.m */ = {isa = PBXFileReference; lastKnownFileType = sourcecode.c.objc; path = RegistrationServiceTests.m; sourceTree = "<group>"; };
		72530FE21FF3C03A009500BD /* RegistrationService.h */ = {isa = PBXFileReference; lastKnownFileType = sourcecode.c.h; path = RegistrationService.h; sourceTree = "<group>"; };
		72530FE31FF3C03A009500BD /* RegistrationService.m */ = {isa = PBXFileReference; lastKnownFileType = sourcecode.c.objc; path = RegistrationService.m; sourceTree = "<group>"; };
		72530FE51FF3C0EA009500BD /* RegistrationEncoderType.h */ = {isa = PBXFileReference; lastKnownFileType = sourcecode.c.h; path = RegistrationEncoderType.h; sourceTree = "<group>"; };
		72530FE61FF3C0FD009500BD /* RegistrationDecoderType.h */ = {isa = PBXFileReference; lastKnownFileType = sourcecode.c.h; path = RegistrationDecoderType.h; sourceTree = "<group>"; };
		7255C4021FF3C4C600EFF48F /* RegistrationEncoder.h */ = {isa = PBXFileReference; lastKnownFileType = sourcecode.c.h; path = RegistrationEncoder.h; sourceTree = "<group>"; };
		7255C4031FF3C4C600EFF48F /* RegistrationEncoder.m */ = {isa = PBXFileReference; lastKnownFileType = sourcecode.c.objc; path = RegistrationEncoder.m; sourceTree = "<group>"; };
		7255C4071FF3C4EE00EFF48F /* RegistrationDecoder.h */ = {isa = PBXFileReference; lastKnownFileType = sourcecode.c.h; path = RegistrationDecoder.h; sourceTree = "<group>"; };
		7255C4081FF3C4EE00EFF48F /* RegistrationDecoder.m */ = {isa = PBXFileReference; lastKnownFileType = sourcecode.c.objc; path = RegistrationDecoder.m; sourceTree = "<group>"; };
		7255C40F1FF3C74C00EFF48F /* MockRegistrationEncoder.h */ = {isa = PBXFileReference; lastKnownFileType = sourcecode.c.h; path = MockRegistrationEncoder.h; sourceTree = "<group>"; };
		7255C4101FF3C74C00EFF48F /* MockRegistrationEncoder.m */ = {isa = PBXFileReference; lastKnownFileType = sourcecode.c.objc; path = MockRegistrationEncoder.m; sourceTree = "<group>"; };
		7255C4121FF3C75800EFF48F /* MockRegistrationDecoder.h */ = {isa = PBXFileReference; lastKnownFileType = sourcecode.c.h; path = MockRegistrationDecoder.h; sourceTree = "<group>"; };
		7255C4131FF3C75800EFF48F /* MockRegistrationDecoder.m */ = {isa = PBXFileReference; lastKnownFileType = sourcecode.c.objc; path = MockRegistrationDecoder.m; sourceTree = "<group>"; };
		7255C41E1FF810AB00EFF48F /* MockRegistrationEncoderWithError.h */ = {isa = PBXFileReference; lastKnownFileType = sourcecode.c.h; path = MockRegistrationEncoderWithError.h; sourceTree = "<group>"; };
		7255C41F1FF810AB00EFF48F /* MockRegistrationEncoderWithError.m */ = {isa = PBXFileReference; lastKnownFileType = sourcecode.c.objc; path = MockRegistrationEncoderWithError.m; sourceTree = "<group>"; };
		725DD85D200A076700F5004D /* MessageReceiverType.h */ = {isa = PBXFileReference; fileEncoding = 4; lastKnownFileType = sourcecode.c.h; path = MessageReceiverType.h; sourceTree = "<group>"; };
		72719817207D44070077C8C4 /* TestAppDelegate.h */ = {isa = PBXFileReference; lastKnownFileType = sourcecode.c.h; path = TestAppDelegate.h; sourceTree = "<group>"; };
		72719818207D44070077C8C4 /* TestAppDelegate.m */ = {isa = PBXFileReference; lastKnownFileType = sourcecode.c.objc; path = TestAppDelegate.m; sourceTree = "<group>"; };
		72719856207D568E0077C8C4 /* MessageDecoder.m */ = {isa = PBXFileReference; fileEncoding = 4; lastKnownFileType = sourcecode.c.objc; path = MessageDecoder.m; sourceTree = "<group>"; };
		72719857207D568F0077C8C4 /* MessageService.h */ = {isa = PBXFileReference; fileEncoding = 4; lastKnownFileType = sourcecode.c.h; path = MessageService.h; sourceTree = "<group>"; };
		72719858207D568F0077C8C4 /* MessageServiceDelegate.h */ = {isa = PBXFileReference; fileEncoding = 4; lastKnownFileType = sourcecode.c.h; path = MessageServiceDelegate.h; sourceTree = "<group>"; };
		72719859207D568F0077C8C4 /* MessageDecoder.h */ = {isa = PBXFileReference; fileEncoding = 4; lastKnownFileType = sourcecode.c.h; path = MessageDecoder.h; sourceTree = "<group>"; };
		7271985A207D568F0077C8C4 /* MessageEncoderType.h */ = {isa = PBXFileReference; fileEncoding = 4; lastKnownFileType = sourcecode.c.h; path = MessageEncoderType.h; sourceTree = "<group>"; };
		7271985B207D568F0077C8C4 /* MessageService.m */ = {isa = PBXFileReference; fileEncoding = 4; lastKnownFileType = sourcecode.c.objc; path = MessageService.m; sourceTree = "<group>"; };
		7271985C207D56900077C8C4 /* MessageDecoderType.h */ = {isa = PBXFileReference; fileEncoding = 4; lastKnownFileType = sourcecode.c.h; path = MessageDecoderType.h; sourceTree = "<group>"; };
		7271985D207D56900077C8C4 /* MessageEncoder.m */ = {isa = PBXFileReference; fileEncoding = 4; lastKnownFileType = sourcecode.c.objc; path = MessageEncoder.m; sourceTree = "<group>"; };
		7271985E207D56900077C8C4 /* MessageEncoder.h */ = {isa = PBXFileReference; fileEncoding = 4; lastKnownFileType = sourcecode.c.h; path = MessageEncoder.h; sourceTree = "<group>"; };
		72785B8120755E69005B4A55 /* SocketHelperType.h */ = {isa = PBXFileReference; lastKnownFileType = sourcecode.c.h; path = SocketHelperType.h; sourceTree = "<group>"; };
		72785B8220755F61005B4A55 /* SocketHelper.h */ = {isa = PBXFileReference; lastKnownFileType = sourcecode.c.h; path = SocketHelper.h; sourceTree = "<group>"; };
		72785B8320755F61005B4A55 /* SocketHelper.m */ = {isa = PBXFileReference; lastKnownFileType = sourcecode.c.objc; path = SocketHelper.m; sourceTree = "<group>"; };
		72785B8520755FEE005B4A55 /* ErrorHelper.h */ = {isa = PBXFileReference; fileEncoding = 4; lastKnownFileType = sourcecode.c.h; path = ErrorHelper.h; sourceTree = "<group>"; };
		72785B8620755FEE005B4A55 /* ErrorHelper.m */ = {isa = PBXFileReference; fileEncoding = 4; lastKnownFileType = sourcecode.c.objc; path = ErrorHelper.m; sourceTree = "<group>"; };
		727D345F1FFC2A2100C1E5B0 /* RegistrationServiceDelegate.h */ = {isa = PBXFileReference; lastKnownFileType = sourcecode.c.h; path = RegistrationServiceDelegate.h; sourceTree = "<group>"; };
		727D34601FFC2B3000C1E5B0 /* MockRegistrationServiceDelegate.h */ = {isa = PBXFileReference; lastKnownFileType = sourcecode.c.h; path = MockRegistrationServiceDelegate.h; sourceTree = "<group>"; };
		727D34611FFC2B3000C1E5B0 /* MockRegistrationServiceDelegate.m */ = {isa = PBXFileReference; lastKnownFileType = sourcecode.c.objc; path = MockRegistrationServiceDelegate.m; sourceTree = "<group>"; };
		72995FA0212CB33600FB98D5 /* ServicesController.h */ = {isa = PBXFileReference; lastKnownFileType = sourcecode.c.h; path = ServicesController.h; sourceTree = "<group>"; };
		72ADEF33212CAA9000A6A8A2 /* AppDependencies.m */ = {isa = PBXFileReference; fileEncoding = 4; lastKnownFileType = sourcecode.c.objc; path = AppDependencies.m; sourceTree = "<group>"; };
		72C0D363207E93D40086C054 /* MessageResponse.h */ = {isa = PBXFileReference; fileEncoding = 4; lastKnownFileType = sourcecode.c.h; path = MessageResponse.h; sourceTree = "<group>"; };
		72C0D364207E93D40086C054 /* MessageRequest.m */ = {isa = PBXFileReference; fileEncoding = 4; lastKnownFileType = sourcecode.c.objc; path = MessageRequest.m; sourceTree = "<group>"; };
		72C0D365207E93D40086C054 /* MessageResponse.m */ = {isa = PBXFileReference; fileEncoding = 4; lastKnownFileType = sourcecode.c.objc; path = MessageResponse.m; sourceTree = "<group>"; };
		72C0D366207E93D50086C054 /* MessageRequest.h */ = {isa = PBXFileReference; fileEncoding = 4; lastKnownFileType = sourcecode.c.h; path = MessageRequest.h; sourceTree = "<group>"; };
		72C0D381207FFBD90086C054 /* RegistrationRouterInput.h */ = {isa = PBXFileReference; lastKnownFileType = sourcecode.c.h; path = RegistrationRouterInput.h; sourceTree = "<group>"; };
		72C0D382207FFBE70086C054 /* RegistrationRouter.h */ = {isa = PBXFileReference; lastKnownFileType = sourcecode.c.h; path = RegistrationRouter.h; sourceTree = "<group>"; };
		72C0D383207FFBE70086C054 /* RegistrationRouter.m */ = {isa = PBXFileReference; lastKnownFileType = sourcecode.c.objc; path = RegistrationRouter.m; sourceTree = "<group>"; };
		72C0D385207FFC070086C054 /* RegistrationInteractorInput.h */ = {isa = PBXFileReference; lastKnownFileType = sourcecode.c.h; path = RegistrationInteractorInput.h; sourceTree = "<group>"; };
		72C0D386207FFC120086C054 /* RegistrationInteractor.h */ = {isa = PBXFileReference; lastKnownFileType = sourcecode.c.h; path = RegistrationInteractor.h; sourceTree = "<group>"; };
		72C0D387207FFC120086C054 /* RegistrationInteractor.m */ = {isa = PBXFileReference; lastKnownFileType = sourcecode.c.objc; path = RegistrationInteractor.m; sourceTree = "<group>"; };
		72C0D389207FFC2D0086C054 /* RegistrationPresenterInput.h */ = {isa = PBXFileReference; lastKnownFileType = sourcecode.c.h; path = RegistrationPresenterInput.h; sourceTree = "<group>"; };
		72C0D38A207FFC3E0086C054 /* RegistrationPresenter.h */ = {isa = PBXFileReference; lastKnownFileType = sourcecode.c.h; path = RegistrationPresenter.h; sourceTree = "<group>"; };
		72C0D38B207FFC3E0086C054 /* RegistrationPresenter.m */ = {isa = PBXFileReference; lastKnownFileType = sourcecode.c.objc; path = RegistrationPresenter.m; sourceTree = "<group>"; };
		72C0D38D207FFC4D0086C054 /* RegistrationViewController.h */ = {isa = PBXFileReference; lastKnownFileType = sourcecode.c.h; path = RegistrationViewController.h; sourceTree = "<group>"; };
		72C0D38E207FFC4D0086C054 /* RegistrationViewController.m */ = {isa = PBXFileReference; lastKnownFileType = sourcecode.c.objc; path = RegistrationViewController.m; sourceTree = "<group>"; };
		72C0D390207FFC5C0086C054 /* Registration.storyboard */ = {isa = PBXFileReference; lastKnownFileType = file.storyboard; path = Registration.storyboard; sourceTree = "<group>"; };
		72C0D392207FFE130086C054 /* Messages.storyboard */ = {isa = PBXFileReference; lastKnownFileType = file.storyboard; path = Messages.storyboard; sourceTree = "<group>"; };
		72C0D394207FFE1E0086C054 /* MessagesViewController.h */ = {isa = PBXFileReference; lastKnownFileType = sourcecode.c.h; path = MessagesViewController.h; sourceTree = "<group>"; };
		72C0D395207FFE1E0086C054 /* MessagesViewController.m */ = {isa = PBXFileReference; lastKnownFileType = sourcecode.c.objc; path = MessagesViewController.m; sourceTree = "<group>"; };
		72C0D397207FFE340086C054 /* MessagesPresenterInput.h */ = {isa = PBXFileReference; lastKnownFileType = sourcecode.c.h; path = MessagesPresenterInput.h; sourceTree = "<group>"; };
		72C0D398207FFE430086C054 /* MessagesPresenter.h */ = {isa = PBXFileReference; lastKnownFileType = sourcecode.c.h; path = MessagesPresenter.h; sourceTree = "<group>"; };
		72C0D399207FFE430086C054 /* MessagesPresenter.m */ = {isa = PBXFileReference; lastKnownFileType = sourcecode.c.objc; path = MessagesPresenter.m; sourceTree = "<group>"; };
		72C0D39B207FFE5C0086C054 /* MessagesInteractorInput.h */ = {isa = PBXFileReference; lastKnownFileType = sourcecode.c.h; path = MessagesInteractorInput.h; sourceTree = "<group>"; };
		72C0D39C207FFE6A0086C054 /* MessagesInteractor.h */ = {isa = PBXFileReference; lastKnownFileType = sourcecode.c.h; path = MessagesInteractor.h; sourceTree = "<group>"; };
		72C0D39D207FFE6A0086C054 /* MessagesInteractor.m */ = {isa = PBXFileReference; lastKnownFileType = sourcecode.c.objc; path = MessagesInteractor.m; sourceTree = "<group>"; };
		72C0D39F207FFE7E0086C054 /* MessagesRouterInput.h */ = {isa = PBXFileReference; lastKnownFileType = sourcecode.c.h; path = MessagesRouterInput.h; sourceTree = "<group>"; };
		72C0D3A0207FFE8A0086C054 /* MessagesRouter.h */ = {isa = PBXFileReference; lastKnownFileType = sourcecode.c.h; path = MessagesRouter.h; sourceTree = "<group>"; };
		72C0D3A1207FFE8A0086C054 /* MessagesRouter.m */ = {isa = PBXFileReference; lastKnownFileType = sourcecode.c.objc; path = MessagesRouter.m; sourceTree = "<group>"; };
		72C0D3A3208000EF0086C054 /* MessageServiceType.h */ = {isa = PBXFileReference; lastKnownFileType = sourcecode.c.h; path = MessageServiceType.h; sourceTree = "<group>"; };
		72C0D3A42080019A0086C054 /* RegistrationServiceType.h */ = {isa = PBXFileReference; lastKnownFileType = sourcecode.c.h; path = RegistrationServiceType.h; sourceTree = "<group>"; };
		72D94897200A122F007D89F9 /* DelimiterFramer.h */ = {isa = PBXFileReference; lastKnownFileType = sourcecode.c.h; path = DelimiterFramer.h; sourceTree = "<group>"; };
		72D94898200A122F007D89F9 /* DelimiterFramer.m */ = {isa = PBXFileReference; lastKnownFileType = sourcecode.c.objc; path = DelimiterFramer.m; sourceTree = "<group>"; };
		72D9489A200AB03B007D89F9 /* MessageSenderType.h */ = {isa = PBXFileReference; lastKnownFileType = sourcecode.c.h; path = MessageSenderType.h; sourceTree = "<group>"; };
		72D9489B20167084007D89F9 /* ServicesManagerTests.m */ = {isa = PBXFileReference; lastKnownFileType = sourcecode.c.objc; path = ServicesManagerTests.m; sourceTree = "<group>"; };
		72D9489E2016710C007D89F9 /* MockFramer.h */ = {isa = PBXFileReference; lastKnownFileType = sourcecode.c.h; path = MockFramer.h; sourceTree = "<group>"; };
		72D9489F2016710C007D89F9 /* MockFramer.m */ = {isa = PBXFileReference; lastKnownFileType = sourcecode.c.objc; path = MockFramer.m; sourceTree = "<group>"; };
		72D948A620167345007D89F9 /* MockMessageReceiver.h */ = {isa = PBXFileReference; lastKnownFileType = sourcecode.c.h; path = MockMessageReceiver.h; sourceTree = "<group>"; };
		72D948A720167345007D89F9 /* MockMessageReceiver.m */ = {isa = PBXFileReference; lastKnownFileType = sourcecode.c.objc; path = MockMessageReceiver.m; sourceTree = "<group>"; };
		72EA13252082542400E10B79 /* MessageCellType.h */ = {isa = PBXFileReference; lastKnownFileType = sourcecode.c.h; path = MessageCellType.h; sourceTree = "<group>"; };
		72EA1326208256C200E10B79 /* MessageCell.h */ = {isa = PBXFileReference; lastKnownFileType = sourcecode.c.h; path = MessageCell.h; sourceTree = "<group>"; };
		72EA1327208256C200E10B79 /* MessageCell.m */ = {isa = PBXFileReference; lastKnownFileType = sourcecode.c.objc; path = MessageCell.m; sourceTree = "<group>"; };
		72EEBC7420800598008C8515 /* RegistrationPresenterOutput.h */ = {isa = PBXFileReference; lastKnownFileType = sourcecode.c.h; path = RegistrationPresenterOutput.h; sourceTree = "<group>"; };
		72EEBC752081FEF7008C8515 /* RegistrationViewControllerOutput.h */ = {isa = PBXFileReference; lastKnownFileType = sourcecode.c.h; path = RegistrationViewControllerOutput.h; sourceTree = "<group>"; };
		72EEBC762081FF81008C8515 /* RegistrationResponsePlainObject.h */ = {isa = PBXFileReference; lastKnownFileType = sourcecode.c.h; path = RegistrationResponsePlainObject.h; sourceTree = "<group>"; };
		72EEBC772081FF81008C8515 /* RegistrationResponsePlainObject.m */ = {isa = PBXFileReference; lastKnownFileType = sourcecode.c.objc; path = RegistrationResponsePlainObject.m; sourceTree = "<group>"; };
		72EEBC7920820AA1008C8515 /* AppDependencies.h */ = {isa = PBXFileReference; lastKnownFileType = sourcecode.c.h; path = AppDependencies.h; sourceTree = "<group>"; };
		72EEBC7C20824B7D008C8515 /* MessagesPresenterOutput.h */ = {isa = PBXFileReference; lastKnownFileType = sourcecode.c.h; path = MessagesPresenterOutput.h; sourceTree = "<group>"; };
		72EEBC7D20824BD3008C8515 /* MessageResponsePlainObject.h */ = {isa = PBXFileReference; lastKnownFileType = sourcecode.c.h; path = MessageResponsePlainObject.h; sourceTree = "<group>"; };
		72EEBC7E20824BD3008C8515 /* MessageResponsePlainObject.m */ = {isa = PBXFileReference; lastKnownFileType = sourcecode.c.objc; path = MessageResponsePlainObject.m; sourceTree = "<group>"; };
		72EEBC8020824CAA008C8515 /* MessagesViewControllerOutput.h */ = {isa = PBXFileReference; lastKnownFileType = sourcecode.c.h; path = MessagesViewControllerOutput.h; sourceTree = "<group>"; };
		C053657C4195752FD140AF96 /* Pods-MessengerClient.release.xcconfig */ = {isa = PBXFileReference; includeInIndex = 1; lastKnownFileType = text.xcconfig; name = "Pods-MessengerClient.release.xcconfig"; path = "Pods/Target Support Files/Pods-MessengerClient/Pods-MessengerClient.release.xcconfig"; sourceTree = "<group>"; };
		CFCAC23701976E9000E88CF7 /* Pods-MessengerClientTests.debug.xcconfig */ = {isa = PBXFileReference; includeInIndex = 1; lastKnownFileType = text.xcconfig; name = "Pods-MessengerClientTests.debug.xcconfig"; path = "Pods/Target Support Files/Pods-MessengerClientTests/Pods-MessengerClientTests.debug.xcconfig"; sourceTree = "<group>"; };
		D8D74A255BBC69F55BEDBF62 /* Pods-MessengerClientTests.release.xcconfig */ = {isa = PBXFileReference; includeInIndex = 1; lastKnownFileType = text.xcconfig; name = "Pods-MessengerClientTests.release.xcconfig"; path = "Pods/Target Support Files/Pods-MessengerClientTests/Pods-MessengerClientTests.release.xcconfig"; sourceTree = "<group>"; };
/* End PBXFileReference section */

/* Begin PBXFrameworksBuildPhase section */
		72530F7B1FF2FC74009500BD /* Frameworks */ = {
			isa = PBXFrameworksBuildPhase;
			buildActionMask = 2147483647;
			files = (
				AE687C012B764B0E4137801E /* Pods_MessengerClient.framework in Frameworks */,
			);
			runOnlyForDeploymentPostprocessing = 0;
		};
		72530F931FF2FC74009500BD /* Frameworks */ = {
			isa = PBXFrameworksBuildPhase;
			buildActionMask = 2147483647;
			files = (
				D59C8224D4CF9B0222D31949 /* Pods_MessengerClientTests.framework in Frameworks */,
			);
			runOnlyForDeploymentPostprocessing = 0;
		};
/* End PBXFrameworksBuildPhase section */

/* Begin PBXGroup section */
		72530F751FF2FC73009500BD = {
			isa = PBXGroup;
			children = (
				72530F801FF2FC74009500BD /* MessengerClient */,
				72530F991FF2FC74009500BD /* MessengerClientTests */,
				72530FA41FF2FC74009500BD /* MessengerClientUITests */,
				72530F7F1FF2FC74009500BD /* Products */,
				B3A1E257E1B06F4408C6BED7 /* Pods */,
				9A5B651A108BCFE815BAE888 /* Frameworks */,
			);
			sourceTree = "<group>";
		};
		72530F7F1FF2FC74009500BD /* Products */ = {
			isa = PBXGroup;
			children = (
				72530F7E1FF2FC74009500BD /* MessengerClient.app */,
				72530F961FF2FC74009500BD /* MessengerClientTests.xctest */,
			);
			name = Products;
			sourceTree = "<group>";
		};
		72530F801FF2FC74009500BD /* MessengerClient */ = {
			isa = PBXGroup;
			children = (
				72530FD21FF2FED4009500BD /* Classes */,
				72530F811FF2FC74009500BD /* AppDelegate.h */,
				72530F821FF2FC74009500BD /* AppDelegate.m */,
				72530F871FF2FC74009500BD /* Main.storyboard */,
				72530F8A1FF2FC74009500BD /* Assets.xcassets */,
				72530F8C1FF2FC74009500BD /* LaunchScreen.storyboard */,
				72530F8F1FF2FC74009500BD /* Info.plist */,
				72530F901FF2FC74009500BD /* main.m */,
			);
			path = MessengerClient;
			sourceTree = "<group>";
		};
		72530F991FF2FC74009500BD /* MessengerClientTests */ = {
			isa = PBXGroup;
			children = (
				72D9489D201670FB007D89F9 /* Mocks */,
				72719817207D44070077C8C4 /* TestAppDelegate.h */,
				72719818207D44070077C8C4 /* TestAppDelegate.m */,
				72D9489B20167084007D89F9 /* ServicesManagerTests.m */,
				7255C40D1FF3C70600EFF48F /* RegistrationService */,
				72530F9C1FF2FC74009500BD /* Info.plist */,
			);
			path = MessengerClientTests;
			sourceTree = "<group>";
		};
		72530FA41FF2FC74009500BD /* MessengerClientUITests */ = {
			isa = PBXGroup;
			children = (
				72530FA71FF2FC74009500BD /* Info.plist */,
			);
			path = MessengerClientUITests;
			sourceTree = "<group>";
		};
		72530FCA1FF2FCF6009500BD /* Model */ = {
			isa = PBXGroup;
			children = (
				72530FC61FF2FCDA009500BD /* RegistrationRequestTests.m */,
				72530FC81FF2FCEB009500BD /* RegistrationResponseTests.m */,
			);
			path = Model;
			sourceTree = "<group>";
		};
		72530FD21FF2FED4009500BD /* Classes */ = {
			isa = PBXGroup;
			children = (
				72C0D376207FFAB40086C054 /* Modules */,
				72530FD31FF2FEDE009500BD /* BusinessLogic */,
			);
			path = Classes;
			sourceTree = "<group>";
		};
		72530FD31FF2FEDE009500BD /* BusinessLogic */ = {
			isa = PBXGroup;
			children = (
				72530FD51FF2FEF1009500BD /* Model */,
				72530FD41FF2FEE9009500BD /* ServiceLayer */,
			);
			path = BusinessLogic;
			sourceTree = "<group>";
		};
		72530FD41FF2FEE9009500BD /* ServiceLayer */ = {
			isa = PBXGroup;
			children = (
				721AB2931FFC37E6004F8B24 /* SocketController.h */,
				721AB2941FFC37E6004F8B24 /* SocketController.m */,
				723D2635212CBAA700D97967 /* ServicesControllerType.h */,
				72995FA0212CB33600FB98D5 /* ServicesController.h */,
				723D2636212CBAD200D97967 /* ServicesController.m */,
				72D9489A200AB03B007D89F9 /* MessageSenderType.h */,
				725DD85D200A076700F5004D /* MessageReceiverType.h */,
				721AB29720042E22004F8B24 /* FramerType.h */,
				72D94897200A122F007D89F9 /* DelimiterFramer.h */,
				72D94898200A122F007D89F9 /* DelimiterFramer.m */,
				72785B8120755E69005B4A55 /* SocketHelperType.h */,
				72785B8220755F61005B4A55 /* SocketHelper.h */,
				72785B8320755F61005B4A55 /* SocketHelper.m */,
				72785B8520755FEE005B4A55 /* ErrorHelper.h */,
				72785B8620755FEE005B4A55 /* ErrorHelper.m */,
				72530FE01FF3AF5A009500BD /* MessageService */,
				72530FDE1FF3AF43009500BD /* RegistrationService */,
			);
			path = ServiceLayer;
			sourceTree = "<group>";
		};
		72530FD51FF2FEF1009500BD /* Model */ = {
			isa = PBXGroup;
			children = (
				72C0D366207E93D50086C054 /* MessageRequest.h */,
				72C0D364207E93D40086C054 /* MessageRequest.m */,
				72C0D363207E93D40086C054 /* MessageResponse.h */,
				72C0D365207E93D40086C054 /* MessageResponse.m */,
				72EEBC7D20824BD3008C8515 /* MessageResponsePlainObject.h */,
				72EEBC7E20824BD3008C8515 /* MessageResponsePlainObject.m */,
				72530FD61FF2FF0C009500BD /* RegistrationRequest.h */,
				72530FD71FF2FF0C009500BD /* RegistrationRequest.m */,
				72530FD91FF3039D009500BD /* RegistrationResponse.h */,
				72530FDA1FF3039D009500BD /* RegistrationResponse.m */,
				72EEBC762081FF81008C8515 /* RegistrationResponsePlainObject.h */,
				72EEBC772081FF81008C8515 /* RegistrationResponsePlainObject.m */,
			);
			path = Model;
			sourceTree = "<group>";
		};
		72530FDE1FF3AF43009500BD /* RegistrationService */ = {
			isa = PBXGroup;
			children = (
				727D345F1FFC2A2100C1E5B0 /* RegistrationServiceDelegate.h */,
				72C0D3A42080019A0086C054 /* RegistrationServiceType.h */,
				72530FE21FF3C03A009500BD /* RegistrationService.h */,
				72530FE31FF3C03A009500BD /* RegistrationService.m */,
				72530FE51FF3C0EA009500BD /* RegistrationEncoderType.h */,
				7255C4021FF3C4C600EFF48F /* RegistrationEncoder.h */,
				7255C4031FF3C4C600EFF48F /* RegistrationEncoder.m */,
				72530FE61FF3C0FD009500BD /* RegistrationDecoderType.h */,
				7255C4071FF3C4EE00EFF48F /* RegistrationDecoder.h */,
				7255C4081FF3C4EE00EFF48F /* RegistrationDecoder.m */,
			);
			path = RegistrationService;
			sourceTree = "<group>";
		};
		72530FE01FF3AF5A009500BD /* MessageService */ = {
			isa = PBXGroup;
			children = (
				72719858207D568F0077C8C4 /* MessageServiceDelegate.h */,
				72C0D3A3208000EF0086C054 /* MessageServiceType.h */,
				72719857207D568F0077C8C4 /* MessageService.h */,
				7271985B207D568F0077C8C4 /* MessageService.m */,
				7271985A207D568F0077C8C4 /* MessageEncoderType.h */,
				7271985E207D56900077C8C4 /* MessageEncoder.h */,
				7271985D207D56900077C8C4 /* MessageEncoder.m */,
				7271985C207D56900077C8C4 /* MessageDecoderType.h */,
				72719859207D568F0077C8C4 /* MessageDecoder.h */,
				72719856207D568E0077C8C4 /* MessageDecoder.m */,
			);
			path = MessageService;
			sourceTree = "<group>";
		};
		7255C40D1FF3C70600EFF48F /* RegistrationService */ = {
			isa = PBXGroup;
			children = (
				72530FDC1FF3AF1A009500BD /* RegistrationServiceTests.m */,
				721AB298200557D4004F8B24 /* RegistrationEncoderTests.m */,
				721AB29A200557E1004F8B24 /* RegistrationDecoderTests.m */,
				72530FCA1FF2FCF6009500BD /* Model */,
				7255C40E1FF3C72300EFF48F /* Mocks */,
			);
			path = RegistrationService;
			sourceTree = "<group>";
		};
		7255C40E1FF3C72300EFF48F /* Mocks */ = {
			isa = PBXGroup;
			children = (
				7255C40F1FF3C74C00EFF48F /* MockRegistrationEncoder.h */,
				7255C4101FF3C74C00EFF48F /* MockRegistrationEncoder.m */,
				7255C4121FF3C75800EFF48F /* MockRegistrationDecoder.h */,
				7255C4131FF3C75800EFF48F /* MockRegistrationDecoder.m */,
				7255C41E1FF810AB00EFF48F /* MockRegistrationEncoderWithError.h */,
				7255C41F1FF810AB00EFF48F /* MockRegistrationEncoderWithError.m */,
				727D34601FFC2B3000C1E5B0 /* MockRegistrationServiceDelegate.h */,
				727D34611FFC2B3000C1E5B0 /* MockRegistrationServiceDelegate.m */,
			);
			path = Mocks;
			sourceTree = "<group>";
		};
		72C0D376207FFAB40086C054 /* Modules */ = {
			isa = PBXGroup;
			children = (
				72C0D37C207FFB030086C054 /* Messages */,
				72C0D37B207FFAFB0086C054 /* Registration */,
				72EEBC7920820AA1008C8515 /* AppDependencies.h */,
				72ADEF33212CAA9000A6A8A2 /* AppDependencies.m */,
			);
			path = Modules;
			sourceTree = "<group>";
		};
		72C0D377207FFAD80086C054 /* Router */ = {
			isa = PBXGroup;
			children = (
				72C0D381207FFBD90086C054 /* RegistrationRouterInput.h */,
				72C0D382207FFBE70086C054 /* RegistrationRouter.h */,
				72C0D383207FFBE70086C054 /* RegistrationRouter.m */,
			);
			path = Router;
			sourceTree = "<group>";
		};
		72C0D378207FFAE10086C054 /* Interactor */ = {
			isa = PBXGroup;
			children = (
				72C0D385207FFC070086C054 /* RegistrationInteractorInput.h */,
				72C0D386207FFC120086C054 /* RegistrationInteractor.h */,
				72C0D387207FFC120086C054 /* RegistrationInteractor.m */,
			);
			path = Interactor;
			sourceTree = "<group>";
		};
		72C0D379207FFAE70086C054 /* Presenter */ = {
			isa = PBXGroup;
			children = (
				72C0D389207FFC2D0086C054 /* RegistrationPresenterInput.h */,
				72EEBC7420800598008C8515 /* RegistrationPresenterOutput.h */,
				72C0D38A207FFC3E0086C054 /* RegistrationPresenter.h */,
				72C0D38B207FFC3E0086C054 /* RegistrationPresenter.m */,
			);
			path = Presenter;
			sourceTree = "<group>";
		};
		72C0D37A207FFAEE0086C054 /* View */ = {
			isa = PBXGroup;
			children = (
				72EEBC752081FEF7008C8515 /* RegistrationViewControllerOutput.h */,
				72C0D38D207FFC4D0086C054 /* RegistrationViewController.h */,
				72C0D38E207FFC4D0086C054 /* RegistrationViewController.m */,
				72C0D390207FFC5C0086C054 /* Registration.storyboard */,
			);
			path = View;
			sourceTree = "<group>";
		};
		72C0D37B207FFAFB0086C054 /* Registration */ = {
			isa = PBXGroup;
			children = (
				72C0D377207FFAD80086C054 /* Router */,
				72C0D378207FFAE10086C054 /* Interactor */,
				72C0D379207FFAE70086C054 /* Presenter */,
				72C0D37A207FFAEE0086C054 /* View */,
			);
			path = Registration;
			sourceTree = "<group>";
		};
		72C0D37C207FFB030086C054 /* Messages */ = {
			isa = PBXGroup;
			children = (
				72C0D380207FFB1F0086C054 /* Router */,
				72C0D37F207FFB190086C054 /* Interactor */,
				72C0D37E207FFB150086C054 /* Presenter */,
				72C0D37D207FFB100086C054 /* View */,
			);
			path = Messages;
			sourceTree = "<group>";
		};
		72C0D37D207FFB100086C054 /* View */ = {
			isa = PBXGroup;
			children = (
				72EEBC8020824CAA008C8515 /* MessagesViewControllerOutput.h */,
				72C0D394207FFE1E0086C054 /* MessagesViewController.h */,
				72C0D395207FFE1E0086C054 /* MessagesViewController.m */,
				72C0D392207FFE130086C054 /* Messages.storyboard */,
				72EA13252082542400E10B79 /* MessageCellType.h */,
				72EA1326208256C200E10B79 /* MessageCell.h */,
				72EA1327208256C200E10B79 /* MessageCell.m */,
			);
			path = View;
			sourceTree = "<group>";
		};
		72C0D37E207FFB150086C054 /* Presenter */ = {
			isa = PBXGroup;
			children = (
				72C0D397207FFE340086C054 /* MessagesPresenterInput.h */,
				72EEBC7C20824B7D008C8515 /* MessagesPresenterOutput.h */,
				72C0D398207FFE430086C054 /* MessagesPresenter.h */,
				72C0D399207FFE430086C054 /* MessagesPresenter.m */,
			);
			path = Presenter;
			sourceTree = "<group>";
		};
		72C0D37F207FFB190086C054 /* Interactor */ = {
			isa = PBXGroup;
			children = (
				72C0D39B207FFE5C0086C054 /* MessagesInteractorInput.h */,
				72C0D39C207FFE6A0086C054 /* MessagesInteractor.h */,
				72C0D39D207FFE6A0086C054 /* MessagesInteractor.m */,
			);
			path = Interactor;
			sourceTree = "<group>";
		};
		72C0D380207FFB1F0086C054 /* Router */ = {
			isa = PBXGroup;
			children = (
				72C0D39F207FFE7E0086C054 /* MessagesRouterInput.h */,
				72C0D3A0207FFE8A0086C054 /* MessagesRouter.h */,
				72C0D3A1207FFE8A0086C054 /* MessagesRouter.m */,
			);
			path = Router;
			sourceTree = "<group>";
		};
		72D9489D201670FB007D89F9 /* Mocks */ = {
			isa = PBXGroup;
			children = (
				72D9489E2016710C007D89F9 /* MockFramer.h */,
				72D9489F2016710C007D89F9 /* MockFramer.m */,
				72D948A620167345007D89F9 /* MockMessageReceiver.h */,
				72D948A720167345007D89F9 /* MockMessageReceiver.m */,
			);
			path = Mocks;
			sourceTree = "<group>";
		};
		9A5B651A108BCFE815BAE888 /* Frameworks */ = {
			isa = PBXGroup;
			children = (
				398372A55475B82D1284E819 /* Pods_MessengerClient.framework */,
				5ECCDA76DD193EFBD096907E /* Pods_MessengerClientTests.framework */,
			);
			name = Frameworks;
			sourceTree = "<group>";
		};
		B3A1E257E1B06F4408C6BED7 /* Pods */ = {
			isa = PBXGroup;
			children = (
				4E684813FDC7537F0D3D4C1A /* Pods-MessengerClient.debug.xcconfig */,
				C053657C4195752FD140AF96 /* Pods-MessengerClient.release.xcconfig */,
				CFCAC23701976E9000E88CF7 /* Pods-MessengerClientTests.debug.xcconfig */,
				D8D74A255BBC69F55BEDBF62 /* Pods-MessengerClientTests.release.xcconfig */,
			);
			name = Pods;
			sourceTree = "<group>";
		};
/* End PBXGroup section */

/* Begin PBXNativeTarget section */
		72530F7D1FF2FC74009500BD /* MessengerClient */ = {
			isa = PBXNativeTarget;
			buildConfigurationList = 72530FAA1FF2FC74009500BD /* Build configuration list for PBXNativeTarget "MessengerClient" */;
			buildPhases = (
				4982D5D7D11DAD082A6207EF /* [CP] Check Pods Manifest.lock */,
				72530F7A1FF2FC74009500BD /* Sources */,
				72530F7B1FF2FC74009500BD /* Frameworks */,
				72530F7C1FF2FC74009500BD /* Resources */,
				42B0E867E6398FA8296EF7F0 /* [CP] Embed Pods Frameworks */,
				6992AE882DB7528EB0631D0C /* [CP] Copy Pods Resources */,
			);
			buildRules = (
			);
			dependencies = (
			);
			name = MessengerClient;
			productName = MessengerClient;
			productReference = 72530F7E1FF2FC74009500BD /* MessengerClient.app */;
			productType = "com.apple.product-type.application";
		};
		72530F951FF2FC74009500BD /* MessengerClientTests */ = {
			isa = PBXNativeTarget;
			buildConfigurationList = 72530FAD1FF2FC74009500BD /* Build configuration list for PBXNativeTarget "MessengerClientTests" */;
			buildPhases = (
				81BAEE0020946536F29C91E4 /* [CP] Check Pods Manifest.lock */,
				72530F921FF2FC74009500BD /* Sources */,
				72530F931FF2FC74009500BD /* Frameworks */,
				72530F941FF2FC74009500BD /* Resources */,
				B5B1EECFF5A84CC71538EDB1 /* [CP] Embed Pods Frameworks */,
				65EC6E8856D65FC643519C91 /* [CP] Copy Pods Resources */,
			);
			buildRules = (
			);
			dependencies = (
				72530F981FF2FC74009500BD /* PBXTargetDependency */,
			);
			name = MessengerClientTests;
			productName = MessengerClientTests;
			productReference = 72530F961FF2FC74009500BD /* MessengerClientTests.xctest */;
			productType = "com.apple.product-type.bundle.unit-test";
		};
/* End PBXNativeTarget section */

/* Begin PBXProject section */
		72530F761FF2FC73009500BD /* Project object */ = {
			isa = PBXProject;
			attributes = {
				LastUpgradeCheck = 0900;
				ORGANIZATIONNAME = "Anton Kovalchuk";
				TargetAttributes = {
					72530F7D1FF2FC74009500BD = {
						CreatedOnToolsVersion = 9.0;
						ProvisioningStyle = Automatic;
					};
					72530F951FF2FC74009500BD = {
						CreatedOnToolsVersion = 9.0;
						ProvisioningStyle = Automatic;
						TestTargetID = 72530F7D1FF2FC74009500BD;
					};
				};
			};
			buildConfigurationList = 72530F791FF2FC73009500BD /* Build configuration list for PBXProject "MessengerClient" */;
			compatibilityVersion = "Xcode 8.0";
			developmentRegion = en;
			hasScannedForEncodings = 0;
			knownRegions = (
				en,
				Base,
			);
			mainGroup = 72530F751FF2FC73009500BD;
			productRefGroup = 72530F7F1FF2FC74009500BD /* Products */;
			projectDirPath = "";
			projectRoot = "";
			targets = (
				72530F7D1FF2FC74009500BD /* MessengerClient */,
				72530F951FF2FC74009500BD /* MessengerClientTests */,
			);
		};
/* End PBXProject section */

/* Begin PBXResourcesBuildPhase section */
		72530F7C1FF2FC74009500BD /* Resources */ = {
			isa = PBXResourcesBuildPhase;
			buildActionMask = 2147483647;
			files = (
				72530F8E1FF2FC74009500BD /* LaunchScreen.storyboard in Resources */,
				72C0D391207FFC5C0086C054 /* Registration.storyboard in Resources */,
				72530F8B1FF2FC74009500BD /* Assets.xcassets in Resources */,
				72C0D393207FFE130086C054 /* Messages.storyboard in Resources */,
				72530F891FF2FC74009500BD /* Main.storyboard in Resources */,
			);
			runOnlyForDeploymentPostprocessing = 0;
		};
		72530F941FF2FC74009500BD /* Resources */ = {
			isa = PBXResourcesBuildPhase;
			buildActionMask = 2147483647;
			files = (
			);
			runOnlyForDeploymentPostprocessing = 0;
		};
/* End PBXResourcesBuildPhase section */

/* Begin PBXShellScriptBuildPhase section */
		42B0E867E6398FA8296EF7F0 /* [CP] Embed Pods Frameworks */ = {
			isa = PBXShellScriptBuildPhase;
			buildActionMask = 2147483647;
			files = (
			);
			inputPaths = (
			);
			name = "[CP] Embed Pods Frameworks";
			outputPaths = (
			);
			runOnlyForDeploymentPostprocessing = 0;
			shellPath = /bin/sh;
			shellScript = "\"${SRCROOT}/Pods/Target Support Files/Pods-MessengerClient/Pods-MessengerClient-frameworks.sh\"\n";
			showEnvVarsInLog = 0;
		};
		4982D5D7D11DAD082A6207EF /* [CP] Check Pods Manifest.lock */ = {
			isa = PBXShellScriptBuildPhase;
			buildActionMask = 2147483647;
			files = (
			);
			inputPaths = (
				"${PODS_PODFILE_DIR_PATH}/Podfile.lock",
				"${PODS_ROOT}/Manifest.lock",
			);
			name = "[CP] Check Pods Manifest.lock";
			outputPaths = (
				"$(DERIVED_FILE_DIR)/Pods-MessengerClient-checkManifestLockResult.txt",
			);
			runOnlyForDeploymentPostprocessing = 0;
			shellPath = /bin/sh;
			shellScript = "diff \"${PODS_PODFILE_DIR_PATH}/Podfile.lock\" \"${PODS_ROOT}/Manifest.lock\" > /dev/null\nif [ $? != 0 ] ; then\n    # print error to STDERR\n    echo \"error: The sandbox is not in sync with the Podfile.lock. Run 'pod install' or update your CocoaPods installation.\" >&2\n    exit 1\nfi\n# This output is used by Xcode 'outputs' to avoid re-running this script phase.\necho \"SUCCESS\" > \"${SCRIPT_OUTPUT_FILE_0}\"\n";
			showEnvVarsInLog = 0;
		};
		65EC6E8856D65FC643519C91 /* [CP] Copy Pods Resources */ = {
			isa = PBXShellScriptBuildPhase;
			buildActionMask = 2147483647;
			files = (
			);
			inputPaths = (
			);
			name = "[CP] Copy Pods Resources";
			outputPaths = (
			);
			runOnlyForDeploymentPostprocessing = 0;
			shellPath = /bin/sh;
			shellScript = "\"${SRCROOT}/Pods/Target Support Files/Pods-MessengerClientTests/Pods-MessengerClientTests-resources.sh\"\n";
			showEnvVarsInLog = 0;
		};
		6992AE882DB7528EB0631D0C /* [CP] Copy Pods Resources */ = {
			isa = PBXShellScriptBuildPhase;
			buildActionMask = 2147483647;
			files = (
			);
			inputPaths = (
			);
			name = "[CP] Copy Pods Resources";
			outputPaths = (
			);
			runOnlyForDeploymentPostprocessing = 0;
			shellPath = /bin/sh;
			shellScript = "\"${SRCROOT}/Pods/Target Support Files/Pods-MessengerClient/Pods-MessengerClient-resources.sh\"\n";
			showEnvVarsInLog = 0;
		};
		81BAEE0020946536F29C91E4 /* [CP] Check Pods Manifest.lock */ = {
			isa = PBXShellScriptBuildPhase;
			buildActionMask = 2147483647;
			files = (
			);
			inputPaths = (
				"${PODS_PODFILE_DIR_PATH}/Podfile.lock",
				"${PODS_ROOT}/Manifest.lock",
			);
			name = "[CP] Check Pods Manifest.lock";
			outputPaths = (
				"$(DERIVED_FILE_DIR)/Pods-MessengerClientTests-checkManifestLockResult.txt",
			);
			runOnlyForDeploymentPostprocessing = 0;
			shellPath = /bin/sh;
			shellScript = "diff \"${PODS_PODFILE_DIR_PATH}/Podfile.lock\" \"${PODS_ROOT}/Manifest.lock\" > /dev/null\nif [ $? != 0 ] ; then\n    # print error to STDERR\n    echo \"error: The sandbox is not in sync with the Podfile.lock. Run 'pod install' or update your CocoaPods installation.\" >&2\n    exit 1\nfi\n# This output is used by Xcode 'outputs' to avoid re-running this script phase.\necho \"SUCCESS\" > \"${SCRIPT_OUTPUT_FILE_0}\"\n";
			showEnvVarsInLog = 0;
		};
		B5B1EECFF5A84CC71538EDB1 /* [CP] Embed Pods Frameworks */ = {
			isa = PBXShellScriptBuildPhase;
			buildActionMask = 2147483647;
			files = (
			);
			inputPaths = (
				"${SRCROOT}/Pods/Target Support Files/Pods-MessengerClientTests/Pods-MessengerClientTests-frameworks.sh",
				"${BUILT_PRODUCTS_DIR}/OCMock/OCMock.framework",
			);
			name = "[CP] Embed Pods Frameworks";
			outputPaths = (
				"${TARGET_BUILD_DIR}/${FRAMEWORKS_FOLDER_PATH}/OCMock.framework",
			);
			runOnlyForDeploymentPostprocessing = 0;
			shellPath = /bin/sh;
			shellScript = "\"${SRCROOT}/Pods/Target Support Files/Pods-MessengerClientTests/Pods-MessengerClientTests-frameworks.sh\"\n";
			showEnvVarsInLog = 0;
		};
/* End PBXShellScriptBuildPhase section */

/* Begin PBXSourcesBuildPhase section */
		72530F7A1FF2FC74009500BD /* Sources */ = {
			isa = PBXSourcesBuildPhase;
			buildActionMask = 2147483647;
			files = (
				72719861207D56900077C8C4 /* MessageEncoder.m in Sources */,
				72C0D38C207FFC3E0086C054 /* RegistrationPresenter.m in Sources */,
				7255C4041FF3C4C600EFF48F /* RegistrationEncoder.m in Sources */,
				72ADEF34212CAA9100A6A8A2 /* AppDependencies.m in Sources */,
				72785B8420755F61005B4A55 /* SocketHelper.m in Sources */,
				72785B8720755FEE005B4A55 /* ErrorHelper.m in Sources */,
				723D2637212CBAD200D97967 /* ServicesController.m in Sources */,
				72D94899200A122F007D89F9 /* DelimiterFramer.m in Sources */,
				72C0D396207FFE1E0086C054 /* MessagesViewController.m in Sources */,
				721AB2951FFC37E6004F8B24 /* SocketController.m in Sources */,
				72719860207D56900077C8C4 /* MessageService.m in Sources */,
				7255C4091FF3C4EE00EFF48F /* RegistrationDecoder.m in Sources */,
				72C0D39E207FFE6A0086C054 /* MessagesInteractor.m in Sources */,
				72530FD81FF2FF0C009500BD /* RegistrationRequest.m in Sources */,
				72C0D367207E93D50086C054 /* MessageRequest.m in Sources */,
				72EEBC7F20824BD3008C8515 /* MessageResponsePlainObject.m in Sources */,
				72C0D3A2207FFE8A0086C054 /* MessagesRouter.m in Sources */,
				72C0D368207E93D50086C054 /* MessageResponse.m in Sources */,
				72C0D38F207FFC4D0086C054 /* RegistrationViewController.m in Sources */,
				72EEBC782081FF81008C8515 /* RegistrationResponsePlainObject.m in Sources */,
				72C0D388207FFC120086C054 /* RegistrationInteractor.m in Sources */,
				72530FDB1FF3039D009500BD /* RegistrationResponse.m in Sources */,
				72C0D384207FFBE70086C054 /* RegistrationRouter.m in Sources */,
				72530F911FF2FC74009500BD /* main.m in Sources */,
				72530FE41FF3C03A009500BD /* RegistrationService.m in Sources */,
				72530F831FF2FC74009500BD /* AppDelegate.m in Sources */,
				7271985F207D56900077C8C4 /* MessageDecoder.m in Sources */,
				72C0D39A207FFE430086C054 /* MessagesPresenter.m in Sources */,
				72EA1328208256C200E10B79 /* MessageCell.m in Sources */,
			);
			runOnlyForDeploymentPostprocessing = 0;
		};
		72530F921FF2FC74009500BD /* Sources */ = {
			isa = PBXSourcesBuildPhase;
			buildActionMask = 2147483647;
			files = (
				72530FC71FF2FCDA009500BD /* RegistrationRequestTests.m in Sources */,
				72530FDD1FF3AF1A009500BD /* RegistrationServiceTests.m in Sources */,
				72D948A820167345007D89F9 /* MockMessageReceiver.m in Sources */,
				72719819207D44070077C8C4 /* TestAppDelegate.m in Sources */,
				72530FC91FF2FCEB009500BD /* RegistrationResponseTests.m in Sources */,
				72D9489C20167084007D89F9 /* ServicesManagerTests.m in Sources */,
				7255C4141FF3C75800EFF48F /* MockRegistrationDecoder.m in Sources */,
				7255C4111FF3C74C00EFF48F /* MockRegistrationEncoder.m in Sources */,
				721AB29B200557E1004F8B24 /* RegistrationDecoderTests.m in Sources */,
				7255C4201FF810AB00EFF48F /* MockRegistrationEncoderWithError.m in Sources */,
				721AB299200557D4004F8B24 /* RegistrationEncoderTests.m in Sources */,
				72D948A02016710C007D89F9 /* MockFramer.m in Sources */,
				727D34621FFC2B3000C1E5B0 /* MockRegistrationServiceDelegate.m in Sources */,
			);
			runOnlyForDeploymentPostprocessing = 0;
		};
/* End PBXSourcesBuildPhase section */

/* Begin PBXTargetDependency section */
		72530F981FF2FC74009500BD /* PBXTargetDependency */ = {
			isa = PBXTargetDependency;
			target = 72530F7D1FF2FC74009500BD /* MessengerClient */;
			targetProxy = 72530F971FF2FC74009500BD /* PBXContainerItemProxy */;
		};
/* End PBXTargetDependency section */

/* Begin PBXVariantGroup section */
		72530F871FF2FC74009500BD /* Main.storyboard */ = {
			isa = PBXVariantGroup;
			children = (
				72530F881FF2FC74009500BD /* Base */,
			);
			name = Main.storyboard;
			sourceTree = "<group>";
		};
		72530F8C1FF2FC74009500BD /* LaunchScreen.storyboard */ = {
			isa = PBXVariantGroup;
			children = (
				72530F8D1FF2FC74009500BD /* Base */,
			);
			name = LaunchScreen.storyboard;
			sourceTree = "<group>";
		};
/* End PBXVariantGroup section */

/* Begin XCBuildConfiguration section */
		72530FA81FF2FC74009500BD /* Debug */ = {
			isa = XCBuildConfiguration;
			buildSettings = {
				ALWAYS_SEARCH_USER_PATHS = NO;
				CLANG_ANALYZER_NONNULL = YES;
				CLANG_ANALYZER_NUMBER_OBJECT_CONVERSION = YES_AGGRESSIVE;
				CLANG_CXX_LANGUAGE_STANDARD = "gnu++14";
				CLANG_CXX_LIBRARY = "libc++";
				CLANG_ENABLE_MODULES = YES;
				CLANG_ENABLE_OBJC_ARC = YES;
				CLANG_WARN_BLOCK_CAPTURE_AUTORELEASING = YES;
				CLANG_WARN_BOOL_CONVERSION = YES;
				CLANG_WARN_COMMA = YES;
				CLANG_WARN_CONSTANT_CONVERSION = YES;
				CLANG_WARN_DIRECT_OBJC_ISA_USAGE = YES_ERROR;
				CLANG_WARN_DOCUMENTATION_COMMENTS = YES;
				CLANG_WARN_EMPTY_BODY = YES;
				CLANG_WARN_ENUM_CONVERSION = YES;
				CLANG_WARN_INFINITE_RECURSION = YES;
				CLANG_WARN_INT_CONVERSION = YES;
				CLANG_WARN_NON_LITERAL_NULL_CONVERSION = YES;
				CLANG_WARN_OBJC_LITERAL_CONVERSION = YES;
				CLANG_WARN_OBJC_ROOT_CLASS = YES_ERROR;
				CLANG_WARN_RANGE_LOOP_ANALYSIS = YES;
				CLANG_WARN_STRICT_PROTOTYPES = YES;
				CLANG_WARN_SUSPICIOUS_MOVE = YES;
				CLANG_WARN_UNGUARDED_AVAILABILITY = YES_AGGRESSIVE;
				CLANG_WARN_UNREACHABLE_CODE = YES;
				CLANG_WARN__DUPLICATE_METHOD_MATCH = YES;
				CODE_SIGN_IDENTITY = "iPhone Developer";
				COPY_PHASE_STRIP = NO;
				DEBUG_INFORMATION_FORMAT = dwarf;
				ENABLE_STRICT_OBJC_MSGSEND = YES;
				ENABLE_TESTABILITY = YES;
				GCC_C_LANGUAGE_STANDARD = gnu11;
				GCC_DYNAMIC_NO_PIC = NO;
				GCC_NO_COMMON_BLOCKS = YES;
				GCC_OPTIMIZATION_LEVEL = 0;
				GCC_PREPROCESSOR_DEFINITIONS = (
					"DEBUG=1",
					"$(inherited)",
				);
				GCC_WARN_64_TO_32_BIT_CONVERSION = YES;
				GCC_WARN_ABOUT_RETURN_TYPE = YES_ERROR;
				GCC_WARN_UNDECLARED_SELECTOR = YES;
				GCC_WARN_UNINITIALIZED_AUTOS = YES_AGGRESSIVE;
				GCC_WARN_UNUSED_FUNCTION = YES;
				GCC_WARN_UNUSED_VARIABLE = YES;
				IPHONEOS_DEPLOYMENT_TARGET = 11.0;
				MTL_ENABLE_DEBUG_INFO = YES;
				ONLY_ACTIVE_ARCH = YES;
				SDKROOT = iphoneos;
			};
			name = Debug;
		};
		72530FA91FF2FC74009500BD /* Release */ = {
			isa = XCBuildConfiguration;
			buildSettings = {
				ALWAYS_SEARCH_USER_PATHS = NO;
				CLANG_ANALYZER_NONNULL = YES;
				CLANG_ANALYZER_NUMBER_OBJECT_CONVERSION = YES_AGGRESSIVE;
				CLANG_CXX_LANGUAGE_STANDARD = "gnu++14";
				CLANG_CXX_LIBRARY = "libc++";
				CLANG_ENABLE_MODULES = YES;
				CLANG_ENABLE_OBJC_ARC = YES;
				CLANG_WARN_BLOCK_CAPTURE_AUTORELEASING = YES;
				CLANG_WARN_BOOL_CONVERSION = YES;
				CLANG_WARN_COMMA = YES;
				CLANG_WARN_CONSTANT_CONVERSION = YES;
				CLANG_WARN_DIRECT_OBJC_ISA_USAGE = YES_ERROR;
				CLANG_WARN_DOCUMENTATION_COMMENTS = YES;
				CLANG_WARN_EMPTY_BODY = YES;
				CLANG_WARN_ENUM_CONVERSION = YES;
				CLANG_WARN_INFINITE_RECURSION = YES;
				CLANG_WARN_INT_CONVERSION = YES;
				CLANG_WARN_NON_LITERAL_NULL_CONVERSION = YES;
				CLANG_WARN_OBJC_LITERAL_CONVERSION = YES;
				CLANG_WARN_OBJC_ROOT_CLASS = YES_ERROR;
				CLANG_WARN_RANGE_LOOP_ANALYSIS = YES;
				CLANG_WARN_STRICT_PROTOTYPES = YES;
				CLANG_WARN_SUSPICIOUS_MOVE = YES;
				CLANG_WARN_UNGUARDED_AVAILABILITY = YES_AGGRESSIVE;
				CLANG_WARN_UNREACHABLE_CODE = YES;
				CLANG_WARN__DUPLICATE_METHOD_MATCH = YES;
				CODE_SIGN_IDENTITY = "iPhone Developer";
				COPY_PHASE_STRIP = NO;
				DEBUG_INFORMATION_FORMAT = "dwarf-with-dsym";
				ENABLE_NS_ASSERTIONS = NO;
				ENABLE_STRICT_OBJC_MSGSEND = YES;
				GCC_C_LANGUAGE_STANDARD = gnu11;
				GCC_NO_COMMON_BLOCKS = YES;
				GCC_WARN_64_TO_32_BIT_CONVERSION = YES;
				GCC_WARN_ABOUT_RETURN_TYPE = YES_ERROR;
				GCC_WARN_UNDECLARED_SELECTOR = YES;
				GCC_WARN_UNINITIALIZED_AUTOS = YES_AGGRESSIVE;
				GCC_WARN_UNUSED_FUNCTION = YES;
				GCC_WARN_UNUSED_VARIABLE = YES;
				IPHONEOS_DEPLOYMENT_TARGET = 11.0;
				MTL_ENABLE_DEBUG_INFO = NO;
				SDKROOT = iphoneos;
				VALIDATE_PRODUCT = YES;
			};
			name = Release;
		};
		72530FAB1FF2FC74009500BD /* Debug */ = {
			isa = XCBuildConfiguration;
			baseConfigurationReference = 4E684813FDC7537F0D3D4C1A /* Pods-MessengerClient.debug.xcconfig */;
			buildSettings = {
				ASSETCATALOG_COMPILER_APPICON_NAME = AppIcon;
				CODE_SIGN_STYLE = Automatic;
				INFOPLIST_FILE = MessengerClient/Info.plist;
				LD_RUNPATH_SEARCH_PATHS = "$(inherited) @executable_path/Frameworks";
				PRODUCT_BUNDLE_IDENTIFIER = com.kovalgek.MessengerClient;
				PRODUCT_NAME = "$(TARGET_NAME)";
				TARGETED_DEVICE_FAMILY = "1,2";
			};
			name = Debug;
		};
		72530FAC1FF2FC74009500BD /* Release */ = {
			isa = XCBuildConfiguration;
			baseConfigurationReference = C053657C4195752FD140AF96 /* Pods-MessengerClient.release.xcconfig */;
			buildSettings = {
				ASSETCATALOG_COMPILER_APPICON_NAME = AppIcon;
				CODE_SIGN_STYLE = Automatic;
				INFOPLIST_FILE = MessengerClient/Info.plist;
				LD_RUNPATH_SEARCH_PATHS = "$(inherited) @executable_path/Frameworks";
				PRODUCT_BUNDLE_IDENTIFIER = com.kovalgek.MessengerClient;
				PRODUCT_NAME = "$(TARGET_NAME)";
				TARGETED_DEVICE_FAMILY = "1,2";
			};
			name = Release;
		};
		72530FAE1FF2FC74009500BD /* Debug */ = {
			isa = XCBuildConfiguration;
			baseConfigurationReference = CFCAC23701976E9000E88CF7 /* Pods-MessengerClientTests.debug.xcconfig */;
			buildSettings = {
				BUNDLE_LOADER = "$(TEST_HOST)";
				CODE_SIGN_STYLE = Automatic;
				INFOPLIST_FILE = MessengerClientTests/Info.plist;
				LD_RUNPATH_SEARCH_PATHS = "$(inherited) @executable_path/Frameworks @loader_path/Frameworks";
				PRODUCT_BUNDLE_IDENTIFIER = com.kovalgek.MessengerClientTests;
				PRODUCT_NAME = "$(TARGET_NAME)";
				TARGETED_DEVICE_FAMILY = "1,2";
				TEST_HOST = "$(BUILT_PRODUCTS_DIR)/MessengerClient.app/MessengerClient";
			};
			name = Debug;
		};
		72530FAF1FF2FC74009500BD /* Release */ = {
			isa = XCBuildConfiguration;
			baseConfigurationReference = D8D74A255BBC69F55BEDBF62 /* Pods-MessengerClientTests.release.xcconfig */;
			buildSettings = {
				BUNDLE_LOADER = "$(TEST_HOST)";
				CODE_SIGN_STYLE = Automatic;
				INFOPLIST_FILE = MessengerClientTests/Info.plist;
				LD_RUNPATH_SEARCH_PATHS = "$(inherited) @executable_path/Frameworks @loader_path/Frameworks";
				PRODUCT_BUNDLE_IDENTIFIER = com.kovalgek.MessengerClientTests;
				PRODUCT_NAME = "$(TARGET_NAME)";
				TARGETED_DEVICE_FAMILY = "1,2";
				TEST_HOST = "$(BUILT_PRODUCTS_DIR)/MessengerClient.app/MessengerClient";
			};
			name = Release;
		};
/* End XCBuildConfiguration section */

/* Begin XCConfigurationList section */
		72530F791FF2FC73009500BD /* Build configuration list for PBXProject "MessengerClient" */ = {
			isa = XCConfigurationList;
			buildConfigurations = (
				72530FA81FF2FC74009500BD /* Debug */,
				72530FA91FF2FC74009500BD /* Release */,
			);
			defaultConfigurationIsVisible = 0;
			defaultConfigurationName = Release;
		};
		72530FAA1FF2FC74009500BD /* Build configuration list for PBXNativeTarget "MessengerClient" */ = {
			isa = XCConfigurationList;
			buildConfigurations = (
				72530FAB1FF2FC74009500BD /* Debug */,
				72530FAC1FF2FC74009500BD /* Release */,
			);
			defaultConfigurationIsVisible = 0;
			defaultConfigurationName = Release;
		};
		72530FAD1FF2FC74009500BD /* Build configuration list for PBXNativeTarget "MessengerClientTests" */ = {
			isa = XCConfigurationList;
			buildConfigurations = (
				72530FAE1FF2FC74009500BD /* Debug */,
				72530FAF1FF2FC74009500BD /* Release */,
			);
			defaultConfigurationIsVisible = 0;
			defaultConfigurationName = Release;
		};
/* End XCConfigurationList section */
	};
	rootObject = 72530F761FF2FC73009500BD /* Project object */;
}
