// !$*UTF8*$!
{
	archiveVersion = 1;
	classes = {
	};
	objectVersion = 48;
	objects = {

/* Begin PBXBuildFile section */
		65C403CD9428D5FA11062140 /* Pods_MessengerServer.framework in Frameworks */ = {isa = PBXBuildFile; fileRef = FD0CBCBF5237A94A748AFE4B /* Pods_MessengerServer.framework */; };
		721433FC204DD9A500C6E739 /* ErrorHelper.m in Sources */ = {isa = PBXBuildFile; fileRef = 721CDD8A204DD1EB0099903C /* ErrorHelper.m */; };
		721433FD204DD9B800C6E739 /* User.m in Sources */ = {isa = PBXBuildFile; fileRef = 721CDD8D204DD7420099903C /* User.m */; };
		72143400204DDA3A00C6E739 /* UserStorage.m in Sources */ = {isa = PBXBuildFile; fileRef = 721433FF204DDA3A00C6E739 /* UserStorage.m */; };
		72143401204DDA3A00C6E739 /* UserStorage.m in Sources */ = {isa = PBXBuildFile; fileRef = 721433FF204DDA3A00C6E739 /* UserStorage.m */; };
		721434042061ACD900C6E739 /* SocketHelper.m in Sources */ = {isa = PBXBuildFile; fileRef = 721434032061ACD900C6E739 /* SocketHelper.m */; };
		721434052061ACD900C6E739 /* SocketHelper.m in Sources */ = {isa = PBXBuildFile; fileRef = 721434032061ACD900C6E739 /* SocketHelper.m */; };
		721434092061BB4100C6E739 /* MockSocketManager.m in Sources */ = {isa = PBXBuildFile; fileRef = 721434082061BB4100C6E739 /* MockSocketManager.m */; };
		7214340A2061BB4100C6E739 /* MockSocketManager.m in Sources */ = {isa = PBXBuildFile; fileRef = 721434082061BB4100C6E739 /* MockSocketManager.m */; };
		721CDD882029218A0099903C /* AddressUtility.m in Sources */ = {isa = PBXBuildFile; fileRef = 72EC2D592023BCFB004756C5 /* AddressUtility.m */; };
		721CDD8B204DD1EB0099903C /* ErrorHelper.m in Sources */ = {isa = PBXBuildFile; fileRef = 721CDD8A204DD1EB0099903C /* ErrorHelper.m */; };
		721CDD8E204DD7420099903C /* User.m in Sources */ = {isa = PBXBuildFile; fileRef = 721CDD8D204DD7420099903C /* User.m */; };
		721CDD90204DD8C80099903C /* UserTests.m in Sources */ = {isa = PBXBuildFile; fileRef = 721CDD8F204DD8C80099903C /* UserTests.m */; };
		72530FC01FF2FC8C009500BD /* main.m in Sources */ = {isa = PBXBuildFile; fileRef = 72530FBF1FF2FC8C009500BD /* main.m */; };
		727198162076A4240077C8C4 /* UserStorageTests.m in Sources */ = {isa = PBXBuildFile; fileRef = 727198152076A4240077C8C4 /* UserStorageTests.m */; };
		7271981E207D50570077C8C4 /* MessageDecoder.m in Sources */ = {isa = PBXBuildFile; fileRef = 7271981D207D50570077C8C4 /* MessageDecoder.m */; };
		72719822207D50750077C8C4 /* MessageEncoder.m in Sources */ = {isa = PBXBuildFile; fileRef = 72719821207D50750077C8C4 /* MessageEncoder.m */; };
		72719826207D50A60077C8C4 /* MessageService.m in Sources */ = {isa = PBXBuildFile; fileRef = 72719825207D50A60077C8C4 /* MessageService.m */; };
		7271982C207D53830077C8C4 /* MessageRequest.m in Sources */ = {isa = PBXBuildFile; fileRef = 7271982B207D53830077C8C4 /* MessageRequest.m */; };
		7271982F207D538F0077C8C4 /* MessageResponse.m in Sources */ = {isa = PBXBuildFile; fileRef = 7271982E207D538F0077C8C4 /* MessageResponse.m */; };
		72719831207D53CE0077C8C4 /* MessageRequestTests.m in Sources */ = {isa = PBXBuildFile; fileRef = 72719830207D53CE0077C8C4 /* MessageRequestTests.m */; };
		72719833207D53DB0077C8C4 /* MessageResponseTests.m in Sources */ = {isa = PBXBuildFile; fileRef = 72719832207D53DB0077C8C4 /* MessageResponseTests.m */; };
		72719835207D53FF0077C8C4 /* MessageEncoderTests.m in Sources */ = {isa = PBXBuildFile; fileRef = 72719834207D53FF0077C8C4 /* MessageEncoderTests.m */; };
		72719837207D541A0077C8C4 /* MessageDecoderTests.m in Sources */ = {isa = PBXBuildFile; fileRef = 72719836207D541A0077C8C4 /* MessageDecoderTests.m */; };
		72719839207D542E0077C8C4 /* MessageServiceTests.m in Sources */ = {isa = PBXBuildFile; fileRef = 72719838207D542E0077C8C4 /* MessageServiceTests.m */; };
		72D948B62017EC49007D89F9 /* ServicesManagerTests.m in Sources */ = {isa = PBXBuildFile; fileRef = 72D948B52017EC49007D89F9 /* ServicesManagerTests.m */; };
		72D948BE2017ECAB007D89F9 /* ServicesManager.m in Sources */ = {isa = PBXBuildFile; fileRef = 72D948BD2017ECAB007D89F9 /* ServicesManager.m */; };
		72EC2D202021081A004756C5 /* RegistrationEncoder.m in Sources */ = {isa = PBXBuildFile; fileRef = 72EC2D1A20210819004756C5 /* RegistrationEncoder.m */; };
		72EC2D222021081A004756C5 /* RegistrationService.m in Sources */ = {isa = PBXBuildFile; fileRef = 72EC2D1E2021081A004756C5 /* RegistrationService.m */; };
		72EC2D2520211F49004756C5 /* RegistrationResponse.m in Sources */ = {isa = PBXBuildFile; fileRef = 72EC2D2420211F49004756C5 /* RegistrationResponse.m */; };
		72EC2D2920211F4F004756C5 /* RegistrationRequest.m in Sources */ = {isa = PBXBuildFile; fileRef = 72EC2D2820211F4F004756C5 /* RegistrationRequest.m */; };
		72EC2D3020212799004756C5 /* RegistrationEncoderTests.m in Sources */ = {isa = PBXBuildFile; fileRef = 72EC2D2D20212799004756C5 /* RegistrationEncoderTests.m */; };
		72EC2D3120212799004756C5 /* RegistrationServiceTests.m in Sources */ = {isa = PBXBuildFile; fileRef = 72EC2D2E20212799004756C5 /* RegistrationServiceTests.m */; };
		72EC2D3220212799004756C5 /* RegistrationDecoderTests.m in Sources */ = {isa = PBXBuildFile; fileRef = 72EC2D2F20212799004756C5 /* RegistrationDecoderTests.m */; };
		72EC2D39202127A8004756C5 /* RegistrationRequestTests.m in Sources */ = {isa = PBXBuildFile; fileRef = 72EC2D35202127A8004756C5 /* RegistrationRequestTests.m */; };
		72EC2D3A202127A8004756C5 /* RegistrationResponseTests.m in Sources */ = {isa = PBXBuildFile; fileRef = 72EC2D36202127A8004756C5 /* RegistrationResponseTests.m */; };
		72EC2D43202127B0004756C5 /* MockRegistrationDecoder.m in Sources */ = {isa = PBXBuildFile; fileRef = 72EC2D3C202127AF004756C5 /* MockRegistrationDecoder.m */; };
		72EC2D44202127B0004756C5 /* MockRegistrationEncoderWithError.m in Sources */ = {isa = PBXBuildFile; fileRef = 72EC2D3E202127B0004756C5 /* MockRegistrationEncoderWithError.m */; };
		72EC2D45202127B0004756C5 /* MockRegistrationEncoder.m in Sources */ = {isa = PBXBuildFile; fileRef = 72EC2D3F202127B0004756C5 /* MockRegistrationEncoder.m */; };
		72EC2D46202127B0004756C5 /* MockRegistrationServiceDelegate.m in Sources */ = {isa = PBXBuildFile; fileRef = 72EC2D42202127B0004756C5 /* MockRegistrationServiceDelegate.m */; };
		72EC2D4720226EAF004756C5 /* RegistrationDecoder.m in Sources */ = {isa = PBXBuildFile; fileRef = 72EC2D1D2021081A004756C5 /* RegistrationDecoder.m */; };
		72EC2D4820226FA4004756C5 /* RegistrationDecoder.m in Sources */ = {isa = PBXBuildFile; fileRef = 72EC2D1D2021081A004756C5 /* RegistrationDecoder.m */; };
		72EC2D4920226FAD004756C5 /* RegistrationEncoder.m in Sources */ = {isa = PBXBuildFile; fileRef = 72EC2D1A20210819004756C5 /* RegistrationEncoder.m */; };
		72EC2D4A20226FB0004756C5 /* RegistrationService.m in Sources */ = {isa = PBXBuildFile; fileRef = 72EC2D1E2021081A004756C5 /* RegistrationService.m */; };
		72EC2D4B20226FBE004756C5 /* RegistrationRequest.m in Sources */ = {isa = PBXBuildFile; fileRef = 72EC2D2820211F4F004756C5 /* RegistrationRequest.m */; };
		72EC2D4C20226FC0004756C5 /* RegistrationResponse.m in Sources */ = {isa = PBXBuildFile; fileRef = 72EC2D2420211F49004756C5 /* RegistrationResponse.m */; };
		72EC2D502023ABCF004756C5 /* MockFramer.m in Sources */ = {isa = PBXBuildFile; fileRef = 72EC2D4E2023ABCF004756C5 /* MockFramer.m */; };
		72EC2D562023ACF3004756C5 /* MockMessageReceiver.m in Sources */ = {isa = PBXBuildFile; fileRef = 72EC2D552023ACF3004756C5 /* MockMessageReceiver.m */; };
		72EC2D572023AD1E004756C5 /* ServicesManager.m in Sources */ = {isa = PBXBuildFile; fileRef = 72D948BD2017ECAB007D89F9 /* ServicesManager.m */; };
		72EC2D5A2023BCFB004756C5 /* AddressUtility.m in Sources */ = {isa = PBXBuildFile; fileRef = 72EC2D592023BCFB004756C5 /* AddressUtility.m */; };
		72FDFDE52019276700880B81 /* DelimiterFramer.m in Sources */ = {isa = PBXBuildFile; fileRef = 72FDFDE12019276700880B81 /* DelimiterFramer.m */; };
		FD6DADBF0BCC5E98DEBF6C9D /* Pods_MessengerServerTests.framework in Frameworks */ = {isa = PBXBuildFile; fileRef = 42323B9899005EEE8895654E /* Pods_MessengerServerTests.framework */; };
/* End PBXBuildFile section */

/* Begin PBXCopyFilesBuildPhase section */
		72530FBA1FF2FC8C009500BD /* CopyFiles */ = {
			isa = PBXCopyFilesBuildPhase;
			buildActionMask = 2147483647;
			dstPath = /usr/share/man/man1/;
			dstSubfolderSpec = 0;
			files = (
			);
			runOnlyForDeploymentPostprocessing = 1;
		};
/* End PBXCopyFilesBuildPhase section */

/* Begin PBXFileReference section */
		42323B9899005EEE8895654E /* Pods_MessengerServerTests.framework */ = {isa = PBXFileReference; explicitFileType = wrapper.framework; includeInIndex = 0; path = Pods_MessengerServerTests.framework; sourceTree = BUILT_PRODUCTS_DIR; };
		721433FE204DDA3A00C6E739 /* UserStorage.h */ = {isa = PBXFileReference; lastKnownFileType = sourcecode.c.h; path = UserStorage.h; sourceTree = "<group>"; };
		721433FF204DDA3A00C6E739 /* UserStorage.m */ = {isa = PBXFileReference; lastKnownFileType = sourcecode.c.objc; path = UserStorage.m; sourceTree = "<group>"; };
		721434032061ACD900C6E739 /* SocketHelper.m */ = {isa = PBXFileReference; lastKnownFileType = sourcecode.c.objc; path = SocketHelper.m; sourceTree = "<group>"; };
		721434062061AE0A00C6E739 /* SocketHelperType.h */ = {isa = PBXFileReference; lastKnownFileType = sourcecode.c.h; path = SocketHelperType.h; sourceTree = "<group>"; };
		721434072061BB4100C6E739 /* MockSocketManager.h */ = {isa = PBXFileReference; lastKnownFileType = sourcecode.c.h; path = MockSocketManager.h; sourceTree = "<group>"; };
		721434082061BB4100C6E739 /* MockSocketManager.m */ = {isa = PBXFileReference; lastKnownFileType = sourcecode.c.objc; path = MockSocketManager.m; sourceTree = "<group>"; };
		721CDD89204DD1EB0099903C /* ErrorHelper.h */ = {isa = PBXFileReference; lastKnownFileType = sourcecode.c.h; path = ErrorHelper.h; sourceTree = "<group>"; };
		721CDD8A204DD1EB0099903C /* ErrorHelper.m */ = {isa = PBXFileReference; lastKnownFileType = sourcecode.c.objc; path = ErrorHelper.m; sourceTree = "<group>"; };
		721CDD8C204DD7420099903C /* User.h */ = {isa = PBXFileReference; lastKnownFileType = sourcecode.c.h; path = User.h; sourceTree = "<group>"; };
		721CDD8D204DD7420099903C /* User.m */ = {isa = PBXFileReference; lastKnownFileType = sourcecode.c.objc; path = User.m; sourceTree = "<group>"; };
		721CDD8F204DD8C80099903C /* UserTests.m */ = {isa = PBXFileReference; lastKnownFileType = sourcecode.c.objc; path = UserTests.m; sourceTree = "<group>"; };
		722DF1E72076A279000ED2EF /* UserStorageType.h */ = {isa = PBXFileReference; lastKnownFileType = sourcecode.c.h; path = UserStorageType.h; sourceTree = "<group>"; };
		72530FBC1FF2FC8C009500BD /* MessengerServer */ = {isa = PBXFileReference; explicitFileType = "compiled.mach-o.executable"; includeInIndex = 0; path = MessengerServer; sourceTree = BUILT_PRODUCTS_DIR; };
		72530FBF1FF2FC8C009500BD /* main.m */ = {isa = PBXFileReference; lastKnownFileType = sourcecode.c.objc; path = main.m; sourceTree = "<group>"; };
		727198152076A4240077C8C4 /* UserStorageTests.m */ = {isa = PBXFileReference; lastKnownFileType = sourcecode.c.objc; path = UserStorageTests.m; sourceTree = "<group>"; };
		7271981B207D504C0077C8C4 /* MessageDecoderType.h */ = {isa = PBXFileReference; lastKnownFileType = sourcecode.c.h; path = MessageDecoderType.h; sourceTree = "<group>"; };
		7271981C207D50570077C8C4 /* MessageDecoder.h */ = {isa = PBXFileReference; lastKnownFileType = sourcecode.c.h; path = MessageDecoder.h; sourceTree = "<group>"; };
		7271981D207D50570077C8C4 /* MessageDecoder.m */ = {isa = PBXFileReference; lastKnownFileType = sourcecode.c.objc; path = MessageDecoder.m; sourceTree = "<group>"; };
		7271981F207D50670077C8C4 /* MessageEncoderType.h */ = {isa = PBXFileReference; lastKnownFileType = sourcecode.c.h; path = MessageEncoderType.h; sourceTree = "<group>"; };
		72719820207D50750077C8C4 /* MessageEncoder.h */ = {isa = PBXFileReference; lastKnownFileType = sourcecode.c.h; path = MessageEncoder.h; sourceTree = "<group>"; };
		72719821207D50750077C8C4 /* MessageEncoder.m */ = {isa = PBXFileReference; lastKnownFileType = sourcecode.c.objc; path = MessageEncoder.m; sourceTree = "<group>"; };
		72719823207D50980077C8C4 /* MessageServiceDelegate.h */ = {isa = PBXFileReference; lastKnownFileType = sourcecode.c.h; path = MessageServiceDelegate.h; sourceTree = "<group>"; };
		72719824207D50A60077C8C4 /* MessageService.h */ = {isa = PBXFileReference; lastKnownFileType = sourcecode.c.h; path = MessageService.h; sourceTree = "<group>"; };
		72719825207D50A60077C8C4 /* MessageService.m */ = {isa = PBXFileReference; lastKnownFileType = sourcecode.c.objc; path = MessageService.m; sourceTree = "<group>"; };
		7271982A207D53830077C8C4 /* MessageRequest.h */ = {isa = PBXFileReference; lastKnownFileType = sourcecode.c.h; path = MessageRequest.h; sourceTree = "<group>"; };
		7271982B207D53830077C8C4 /* MessageRequest.m */ = {isa = PBXFileReference; lastKnownFileType = sourcecode.c.objc; path = MessageRequest.m; sourceTree = "<group>"; };
		7271982D207D538F0077C8C4 /* MessageResponse.h */ = {isa = PBXFileReference; lastKnownFileType = sourcecode.c.h; path = MessageResponse.h; sourceTree = "<group>"; };
		7271982E207D538F0077C8C4 /* MessageResponse.m */ = {isa = PBXFileReference; lastKnownFileType = sourcecode.c.objc; path = MessageResponse.m; sourceTree = "<group>"; };
		72719830207D53CE0077C8C4 /* MessageRequestTests.m */ = {isa = PBXFileReference; lastKnownFileType = sourcecode.c.objc; path = MessageRequestTests.m; sourceTree = "<group>"; };
		72719832207D53DB0077C8C4 /* MessageResponseTests.m */ = {isa = PBXFileReference; lastKnownFileType = sourcecode.c.objc; path = MessageResponseTests.m; sourceTree = "<group>"; };
		72719834207D53FF0077C8C4 /* MessageEncoderTests.m */ = {isa = PBXFileReference; lastKnownFileType = sourcecode.c.objc; path = MessageEncoderTests.m; sourceTree = "<group>"; };
		72719836207D541A0077C8C4 /* MessageDecoderTests.m */ = {isa = PBXFileReference; lastKnownFileType = sourcecode.c.objc; path = MessageDecoderTests.m; sourceTree = "<group>"; };
		72719838207D542E0077C8C4 /* MessageServiceTests.m */ = {isa = PBXFileReference; lastKnownFileType = sourcecode.c.objc; path = MessageServiceTests.m; sourceTree = "<group>"; };
		72785B88207561FD005B4A55 /* SocketHelper.h */ = {isa = PBXFileReference; fileEncoding = 4; lastKnownFileType = sourcecode.c.h; path = SocketHelper.h; sourceTree = "<group>"; };
		72D948AD2017EC25007D89F9 /* MessengerServerTests.xctest */ = {isa = PBXFileReference; explicitFileType = wrapper.cfbundle; includeInIndex = 0; path = MessengerServerTests.xctest; sourceTree = BUILT_PRODUCTS_DIR; };
		72D948B12017EC26007D89F9 /* Info.plist */ = {isa = PBXFileReference; lastKnownFileType = text.plist.xml; path = Info.plist; sourceTree = "<group>"; };
		72D948B52017EC49007D89F9 /* ServicesManagerTests.m */ = {isa = PBXFileReference; lastKnownFileType = sourcecode.c.objc; path = ServicesManagerTests.m; sourceTree = "<group>"; };
		72D948BC2017ECAB007D89F9 /* ServicesManager.h */ = {isa = PBXFileReference; lastKnownFileType = sourcecode.c.h; path = ServicesManager.h; sourceTree = "<group>"; };
		72D948BD2017ECAB007D89F9 /* ServicesManager.m */ = {isa = PBXFileReference; lastKnownFileType = sourcecode.c.objc; path = ServicesManager.m; sourceTree = "<group>"; };
		72EC2D1720210819004756C5 /* RegistrationEncoder.h */ = {isa = PBXFileReference; fileEncoding = 4; lastKnownFileType = sourcecode.c.h; path = RegistrationEncoder.h; sourceTree = "<group>"; };
		72EC2D1820210819004756C5 /* RegistrationEncoderType.h */ = {isa = PBXFileReference; fileEncoding = 4; lastKnownFileType = sourcecode.c.h; path = RegistrationEncoderType.h; sourceTree = "<group>"; };
		72EC2D1920210819004756C5 /* RegistrationServiceDelegate.h */ = {isa = PBXFileReference; fileEncoding = 4; lastKnownFileType = sourcecode.c.h; path = RegistrationServiceDelegate.h; sourceTree = "<group>"; };
		72EC2D1A20210819004756C5 /* RegistrationEncoder.m */ = {isa = PBXFileReference; fileEncoding = 4; lastKnownFileType = sourcecode.c.objc; path = RegistrationEncoder.m; sourceTree = "<group>"; };
		72EC2D1B20210819004756C5 /* RegistrationService.h */ = {isa = PBXFileReference; fileEncoding = 4; lastKnownFileType = sourcecode.c.h; path = RegistrationService.h; sourceTree = "<group>"; };
		72EC2D1C20210819004756C5 /* RegistrationDecoder.h */ = {isa = PBXFileReference; fileEncoding = 4; lastKnownFileType = sourcecode.c.h; path = RegistrationDecoder.h; sourceTree = "<group>"; };
		72EC2D1D2021081A004756C5 /* RegistrationDecoder.m */ = {isa = PBXFileReference; fileEncoding = 4; lastKnownFileType = sourcecode.c.objc; path = RegistrationDecoder.m; sourceTree = "<group>"; };
		72EC2D1E2021081A004756C5 /* RegistrationService.m */ = {isa = PBXFileReference; fileEncoding = 4; lastKnownFileType = sourcecode.c.objc; path = RegistrationService.m; sourceTree = "<group>"; };
		72EC2D1F2021081A004756C5 /* RegistrationDecoderType.h */ = {isa = PBXFileReference; fileEncoding = 4; lastKnownFileType = sourcecode.c.h; path = RegistrationDecoderType.h; sourceTree = "<group>"; };
		72EC2D2420211F49004756C5 /* RegistrationResponse.m */ = {isa = PBXFileReference; fileEncoding = 4; lastKnownFileType = sourcecode.c.objc; path = RegistrationResponse.m; sourceTree = "<group>"; };
		72EC2D2620211F4F004756C5 /* RegistrationRequest.h */ = {isa = PBXFileReference; fileEncoding = 4; lastKnownFileType = sourcecode.c.h; path = RegistrationRequest.h; sourceTree = "<group>"; };
		72EC2D2720211F4F004756C5 /* RegistrationResponse.h */ = {isa = PBXFileReference; fileEncoding = 4; lastKnownFileType = sourcecode.c.h; path = RegistrationResponse.h; sourceTree = "<group>"; };
		72EC2D2820211F4F004756C5 /* RegistrationRequest.m */ = {isa = PBXFileReference; fileEncoding = 4; lastKnownFileType = sourcecode.c.objc; path = RegistrationRequest.m; sourceTree = "<group>"; };
		72EC2D2D20212799004756C5 /* RegistrationEncoderTests.m */ = {isa = PBXFileReference; fileEncoding = 4; lastKnownFileType = sourcecode.c.objc; path = RegistrationEncoderTests.m; sourceTree = "<group>"; };
		72EC2D2E20212799004756C5 /* RegistrationServiceTests.m */ = {isa = PBXFileReference; fileEncoding = 4; lastKnownFileType = sourcecode.c.objc; path = RegistrationServiceTests.m; sourceTree = "<group>"; };
		72EC2D2F20212799004756C5 /* RegistrationDecoderTests.m */ = {isa = PBXFileReference; fileEncoding = 4; lastKnownFileType = sourcecode.c.objc; path = RegistrationDecoderTests.m; sourceTree = "<group>"; };
		72EC2D35202127A8004756C5 /* RegistrationRequestTests.m */ = {isa = PBXFileReference; fileEncoding = 4; lastKnownFileType = sourcecode.c.objc; path = RegistrationRequestTests.m; sourceTree = "<group>"; };
		72EC2D36202127A8004756C5 /* RegistrationResponseTests.m */ = {isa = PBXFileReference; fileEncoding = 4; lastKnownFileType = sourcecode.c.objc; path = RegistrationResponseTests.m; sourceTree = "<group>"; };
		72EC2D3B202127AF004756C5 /* MockRegistrationServiceDelegate.h */ = {isa = PBXFileReference; fileEncoding = 4; lastKnownFileType = sourcecode.c.h; path = MockRegistrationServiceDelegate.h; sourceTree = "<group>"; };
		72EC2D3C202127AF004756C5 /* MockRegistrationDecoder.m */ = {isa = PBXFileReference; fileEncoding = 4; lastKnownFileType = sourcecode.c.objc; path = MockRegistrationDecoder.m; sourceTree = "<group>"; };
		72EC2D3D202127AF004756C5 /* MockRegistrationDecoder.h */ = {isa = PBXFileReference; fileEncoding = 4; lastKnownFileType = sourcecode.c.h; path = MockRegistrationDecoder.h; sourceTree = "<group>"; };
		72EC2D3E202127B0004756C5 /* MockRegistrationEncoderWithError.m */ = {isa = PBXFileReference; fileEncoding = 4; lastKnownFileType = sourcecode.c.objc; path = MockRegistrationEncoderWithError.m; sourceTree = "<group>"; };
		72EC2D3F202127B0004756C5 /* MockRegistrationEncoder.m */ = {isa = PBXFileReference; fileEncoding = 4; lastKnownFileType = sourcecode.c.objc; path = MockRegistrationEncoder.m; sourceTree = "<group>"; };
		72EC2D40202127B0004756C5 /* MockRegistrationEncoderWithError.h */ = {isa = PBXFileReference; fileEncoding = 4; lastKnownFileType = sourcecode.c.h; path = MockRegistrationEncoderWithError.h; sourceTree = "<group>"; };
		72EC2D41202127B0004756C5 /* MockRegistrationEncoder.h */ = {isa = PBXFileReference; fileEncoding = 4; lastKnownFileType = sourcecode.c.h; path = MockRegistrationEncoder.h; sourceTree = "<group>"; };
		72EC2D42202127B0004756C5 /* MockRegistrationServiceDelegate.m */ = {isa = PBXFileReference; fileEncoding = 4; lastKnownFileType = sourcecode.c.objc; path = MockRegistrationServiceDelegate.m; sourceTree = "<group>"; };
		72EC2D4E2023ABCF004756C5 /* MockFramer.m */ = {isa = PBXFileReference; fileEncoding = 4; lastKnownFileType = sourcecode.c.objc; path = MockFramer.m; sourceTree = "<group>"; };
		72EC2D4F2023ABCF004756C5 /* MockFramer.h */ = {isa = PBXFileReference; fileEncoding = 4; lastKnownFileType = sourcecode.c.h; path = MockFramer.h; sourceTree = "<group>"; };
		72EC2D542023ACF3004756C5 /* MockMessageReceiver.h */ = {isa = PBXFileReference; fileEncoding = 4; lastKnownFileType = sourcecode.c.h; path = MockMessageReceiver.h; sourceTree = "<group>"; };
		72EC2D552023ACF3004756C5 /* MockMessageReceiver.m */ = {isa = PBXFileReference; fileEncoding = 4; lastKnownFileType = sourcecode.c.objc; path = MockMessageReceiver.m; sourceTree = "<group>"; };
		72EC2D582023BCFB004756C5 /* AddressUtility.h */ = {isa = PBXFileReference; lastKnownFileType = sourcecode.c.h; path = AddressUtility.h; sourceTree = "<group>"; };
		72EC2D592023BCFB004756C5 /* AddressUtility.m */ = {isa = PBXFileReference; lastKnownFileType = sourcecode.c.objc; path = AddressUtility.m; sourceTree = "<group>"; };
		72FDFDE02019276700880B81 /* DelimiterFramer.h */ = {isa = PBXFileReference; fileEncoding = 4; lastKnownFileType = sourcecode.c.h; path = DelimiterFramer.h; sourceTree = "<group>"; };
		72FDFDE12019276700880B81 /* DelimiterFramer.m */ = {isa = PBXFileReference; fileEncoding = 4; lastKnownFileType = sourcecode.c.objc; path = DelimiterFramer.m; sourceTree = "<group>"; };
		72FDFDE22019276700880B81 /* MessageReceiverType.h */ = {isa = PBXFileReference; fileEncoding = 4; lastKnownFileType = sourcecode.c.h; path = MessageReceiverType.h; sourceTree = "<group>"; };
		72FDFDE32019276700880B81 /* MessageSenderType.h */ = {isa = PBXFileReference; fileEncoding = 4; lastKnownFileType = sourcecode.c.h; path = MessageSenderType.h; sourceTree = "<group>"; };
		72FDFDE42019276700880B81 /* FramerType.h */ = {isa = PBXFileReference; fileEncoding = 4; lastKnownFileType = sourcecode.c.h; path = FramerType.h; sourceTree = "<group>"; };
		8DEC14ADA71408FCEAB14D59 /* Pods-MessengerServer.debug.xcconfig */ = {isa = PBXFileReference; includeInIndex = 1; lastKnownFileType = text.xcconfig; name = "Pods-MessengerServer.debug.xcconfig"; path = "Pods/Target Support Files/Pods-MessengerServer/Pods-MessengerServer.debug.xcconfig"; sourceTree = "<group>"; };
		9FE94A0896CA385C66EDBC9D /* Pods-MessengerServerTests.debug.xcconfig */ = {isa = PBXFileReference; includeInIndex = 1; lastKnownFileType = text.xcconfig; name = "Pods-MessengerServerTests.debug.xcconfig"; path = "Pods/Target Support Files/Pods-MessengerServerTests/Pods-MessengerServerTests.debug.xcconfig"; sourceTree = "<group>"; };
		B9AD9C0385635E50E026F277 /* Pods-MessengerServerTests.release.xcconfig */ = {isa = PBXFileReference; includeInIndex = 1; lastKnownFileType = text.xcconfig; name = "Pods-MessengerServerTests.release.xcconfig"; path = "Pods/Target Support Files/Pods-MessengerServerTests/Pods-MessengerServerTests.release.xcconfig"; sourceTree = "<group>"; };
		F8B98637B348AA0A4E7626C8 /* Pods-MessengerServer.release.xcconfig */ = {isa = PBXFileReference; includeInIndex = 1; lastKnownFileType = text.xcconfig; name = "Pods-MessengerServer.release.xcconfig"; path = "Pods/Target Support Files/Pods-MessengerServer/Pods-MessengerServer.release.xcconfig"; sourceTree = "<group>"; };
		FD0CBCBF5237A94A748AFE4B /* Pods_MessengerServer.framework */ = {isa = PBXFileReference; explicitFileType = wrapper.framework; includeInIndex = 0; path = Pods_MessengerServer.framework; sourceTree = BUILT_PRODUCTS_DIR; };
/* End PBXFileReference section */

/* Begin PBXFrameworksBuildPhase section */
		72530FB91FF2FC8C009500BD /* Frameworks */ = {
			isa = PBXFrameworksBuildPhase;
			buildActionMask = 2147483647;
			files = (
				65C403CD9428D5FA11062140 /* Pods_MessengerServer.framework in Frameworks */,
			);
			runOnlyForDeploymentPostprocessing = 0;
		};
		72D948AA2017EC25007D89F9 /* Frameworks */ = {
			isa = PBXFrameworksBuildPhase;
			buildActionMask = 2147483647;
			files = (
				FD6DADBF0BCC5E98DEBF6C9D /* Pods_MessengerServerTests.framework in Frameworks */,
			);
			runOnlyForDeploymentPostprocessing = 0;
		};
/* End PBXFrameworksBuildPhase section */

/* Begin PBXGroup section */
		4CCDF8908B7DD12F80FE0A6C /* Pods */ = {
			isa = PBXGroup;
			children = (
				9FE94A0896CA385C66EDBC9D /* Pods-MessengerServerTests.debug.xcconfig */,
				B9AD9C0385635E50E026F277 /* Pods-MessengerServerTests.release.xcconfig */,
				8DEC14ADA71408FCEAB14D59 /* Pods-MessengerServer.debug.xcconfig */,
				F8B98637B348AA0A4E7626C8 /* Pods-MessengerServer.release.xcconfig */,
			);
			name = Pods;
			sourceTree = "<group>";
		};
		72530FB31FF2FC8C009500BD = {
			isa = PBXGroup;
			children = (
				72530FBE1FF2FC8C009500BD /* MessengerServer */,
				72D948AE2017EC26007D89F9 /* MessengerServerTests */,
				72530FBD1FF2FC8C009500BD /* Products */,
				4CCDF8908B7DD12F80FE0A6C /* Pods */,
				B0E01B759438413E8A953479 /* Frameworks */,
			);
			sourceTree = "<group>";
		};
		72530FBD1FF2FC8C009500BD /* Products */ = {
			isa = PBXGroup;
			children = (
				72530FBC1FF2FC8C009500BD /* MessengerServer */,
				72D948AD2017EC25007D89F9 /* MessengerServerTests.xctest */,
			);
			name = Products;
			sourceTree = "<group>";
		};
		72530FBE1FF2FC8C009500BD /* MessengerServer */ = {
			isa = PBXGroup;
			children = (
				72D948BA2017EC87007D89F9 /* Classes */,
				72530FBF1FF2FC8C009500BD /* main.m */,
			);
			path = MessengerServer;
			sourceTree = "<group>";
		};
		7271981A207D4FB10077C8C4 /* MessageService */ = {
			isa = PBXGroup;
			children = (
				7271981B207D504C0077C8C4 /* MessageDecoderType.h */,
				7271981C207D50570077C8C4 /* MessageDecoder.h */,
				7271981D207D50570077C8C4 /* MessageDecoder.m */,
				7271981F207D50670077C8C4 /* MessageEncoderType.h */,
				72719820207D50750077C8C4 /* MessageEncoder.h */,
				72719821207D50750077C8C4 /* MessageEncoder.m */,
				72719823207D50980077C8C4 /* MessageServiceDelegate.h */,
				72719824207D50A60077C8C4 /* MessageService.h */,
				72719825207D50A60077C8C4 /* MessageService.m */,
			);
			path = MessageService;
			sourceTree = "<group>";
		};
		72719827207D50F60077C8C4 /* MessageService */ = {
			isa = PBXGroup;
			children = (
				72719834207D53FF0077C8C4 /* MessageEncoderTests.m */,
				72719836207D541A0077C8C4 /* MessageDecoderTests.m */,
				72719838207D542E0077C8C4 /* MessageServiceTests.m */,
				72719828207D51020077C8C4 /* Model */,
				72719829207D51070077C8C4 /* Mocks */,
			);
			path = MessageService;
			sourceTree = "<group>";
		};
		72719828207D51020077C8C4 /* Model */ = {
			isa = PBXGroup;
			children = (
				72719830207D53CE0077C8C4 /* MessageRequestTests.m */,
				72719832207D53DB0077C8C4 /* MessageResponseTests.m */,
			);
			path = Model;
			sourceTree = "<group>";
		};
		72719829207D51070077C8C4 /* Mocks */ = {
			isa = PBXGroup;
			children = (
			);
			path = Mocks;
			sourceTree = "<group>";
		};
		72D948AE2017EC26007D89F9 /* MessengerServerTests */ = {
			isa = PBXGroup;
			children = (
				72719827207D50F60077C8C4 /* MessageService */,
				72EC2D4D2023ABA6004756C5 /* ServiceManager */,
				72EC2D2A20212610004756C5 /* RegistrationService */,
				72D948B12017EC26007D89F9 /* Info.plist */,
			);
			path = MessengerServerTests;
			sourceTree = "<group>";
		};
		72D948BA2017EC87007D89F9 /* Classes */ = {
			isa = PBXGroup;
			children = (
				721CDD89204DD1EB0099903C /* ErrorHelper.h */,
				721CDD8A204DD1EB0099903C /* ErrorHelper.m */,
				72EC2D582023BCFB004756C5 /* AddressUtility.h */,
				72EC2D592023BCFB004756C5 /* AddressUtility.m */,
				72D948BC2017ECAB007D89F9 /* ServicesManager.h */,
				72D948BD2017ECAB007D89F9 /* ServicesManager.m */,
				721434062061AE0A00C6E739 /* SocketHelperType.h */,
				72785B88207561FD005B4A55 /* SocketHelper.h */,
				721434032061ACD900C6E739 /* SocketHelper.m */,
				72FDFDE42019276700880B81 /* FramerType.h */,
				72FDFDE02019276700880B81 /* DelimiterFramer.h */,
				72FDFDE12019276700880B81 /* DelimiterFramer.m */,
				72FDFDE22019276700880B81 /* MessageReceiverType.h */,
				72FDFDE32019276700880B81 /* MessageSenderType.h */,
				722DF1E72076A279000ED2EF /* UserStorageType.h */,
				721433FE204DDA3A00C6E739 /* UserStorage.h */,
				721433FF204DDA3A00C6E739 /* UserStorage.m */,
				72FDFDDF201926F300880B81 /* ServiceLayer */,
				72FDFDDE201926EE00880B81 /* Model */,
			);
			path = Classes;
			sourceTree = "<group>";
		};
		72EC2D16202107E0004756C5 /* RegistrationService */ = {
			isa = PBXGroup;
			children = (
				72EC2D1F2021081A004756C5 /* RegistrationDecoderType.h */,
				72EC2D1C20210819004756C5 /* RegistrationDecoder.h */,
				72EC2D1D2021081A004756C5 /* RegistrationDecoder.m */,
				72EC2D1820210819004756C5 /* RegistrationEncoderType.h */,
				72EC2D1720210819004756C5 /* RegistrationEncoder.h */,
				72EC2D1A20210819004756C5 /* RegistrationEncoder.m */,
				72EC2D1920210819004756C5 /* RegistrationServiceDelegate.h */,
				72EC2D1B20210819004756C5 /* RegistrationService.h */,
				72EC2D1E2021081A004756C5 /* RegistrationService.m */,
			);
			path = RegistrationService;
			sourceTree = "<group>";
		};
		72EC2D2A20212610004756C5 /* RegistrationService */ = {
			isa = PBXGroup;
			children = (
				72EC2D2F20212799004756C5 /* RegistrationDecoderTests.m */,
				72EC2D2D20212799004756C5 /* RegistrationEncoderTests.m */,
				72EC2D2E20212799004756C5 /* RegistrationServiceTests.m */,
				72EC2D2C20212757004756C5 /* Model */,
				72EC2D2B2021274F004756C5 /* Mocks */,
			);
			path = RegistrationService;
			sourceTree = "<group>";
		};
		72EC2D2B2021274F004756C5 /* Mocks */ = {
			isa = PBXGroup;
			children = (
				72EC2D3D202127AF004756C5 /* MockRegistrationDecoder.h */,
				72EC2D3C202127AF004756C5 /* MockRegistrationDecoder.m */,
				72EC2D41202127B0004756C5 /* MockRegistrationEncoder.h */,
				72EC2D3F202127B0004756C5 /* MockRegistrationEncoder.m */,
				72EC2D40202127B0004756C5 /* MockRegistrationEncoderWithError.h */,
				72EC2D3E202127B0004756C5 /* MockRegistrationEncoderWithError.m */,
				72EC2D3B202127AF004756C5 /* MockRegistrationServiceDelegate.h */,
				72EC2D42202127B0004756C5 /* MockRegistrationServiceDelegate.m */,
			);
			path = Mocks;
			sourceTree = "<group>";
		};
		72EC2D2C20212757004756C5 /* Model */ = {
			isa = PBXGroup;
			children = (
				72EC2D35202127A8004756C5 /* RegistrationRequestTests.m */,
				72EC2D36202127A8004756C5 /* RegistrationResponseTests.m */,
				721CDD8F204DD8C80099903C /* UserTests.m */,
			);
			path = Model;
			sourceTree = "<group>";
		};
		72EC2D4D2023ABA6004756C5 /* ServiceManager */ = {
			isa = PBXGroup;
			children = (
				72EC2D542023ACF3004756C5 /* MockMessageReceiver.h */,
				72EC2D552023ACF3004756C5 /* MockMessageReceiver.m */,
				72EC2D4F2023ABCF004756C5 /* MockFramer.h */,
				72EC2D4E2023ABCF004756C5 /* MockFramer.m */,
				72D948B52017EC49007D89F9 /* ServicesManagerTests.m */,
				721434072061BB4100C6E739 /* MockSocketManager.h */,
				721434082061BB4100C6E739 /* MockSocketManager.m */,
				727198152076A4240077C8C4 /* UserStorageTests.m */,
			);
			path = ServiceManager;
			sourceTree = "<group>";
		};
		72FDFDDE201926EE00880B81 /* Model */ = {
			isa = PBXGroup;
			children = (
				72EC2D2620211F4F004756C5 /* RegistrationRequest.h */,
				72EC2D2820211F4F004756C5 /* RegistrationRequest.m */,
				72EC2D2720211F4F004756C5 /* RegistrationResponse.h */,
				72EC2D2420211F49004756C5 /* RegistrationResponse.m */,
				7271982A207D53830077C8C4 /* MessageRequest.h */,
				7271982B207D53830077C8C4 /* MessageRequest.m */,
				7271982D207D538F0077C8C4 /* MessageResponse.h */,
				7271982E207D538F0077C8C4 /* MessageResponse.m */,
				721CDD8C204DD7420099903C /* User.h */,
				721CDD8D204DD7420099903C /* User.m */,
			);
			path = Model;
			sourceTree = "<group>";
		};
		72FDFDDF201926F300880B81 /* ServiceLayer */ = {
			isa = PBXGroup;
			children = (
				7271981A207D4FB10077C8C4 /* MessageService */,
				72EC2D16202107E0004756C5 /* RegistrationService */,
			);
			path = ServiceLayer;
			sourceTree = "<group>";
		};
		B0E01B759438413E8A953479 /* Frameworks */ = {
			isa = PBXGroup;
			children = (
				42323B9899005EEE8895654E /* Pods_MessengerServerTests.framework */,
				FD0CBCBF5237A94A748AFE4B /* Pods_MessengerServer.framework */,
			);
			name = Frameworks;
			sourceTree = "<group>";
		};
/* End PBXGroup section */

/* Begin PBXNativeTarget section */
		72530FBB1FF2FC8C009500BD /* MessengerServer */ = {
			isa = PBXNativeTarget;
			buildConfigurationList = 72530FC31FF2FC8C009500BD /* Build configuration list for PBXNativeTarget "MessengerServer" */;
			buildPhases = (
				29977FC18B5DE25BCDDC0232 /* [CP] Check Pods Manifest.lock */,
				72530FB81FF2FC8C009500BD /* Sources */,
				72530FB91FF2FC8C009500BD /* Frameworks */,
				72530FBA1FF2FC8C009500BD /* CopyFiles */,
				B31FB3B976389CBD51B9F83C /* [CP] Copy Pods Resources */,
			);
			buildRules = (
			);
			dependencies = (
			);
			name = MessengerServer;
			productName = MessengerServer;
			productReference = 72530FBC1FF2FC8C009500BD /* MessengerServer */;
			productType = "com.apple.product-type.tool";
		};
		72D948AC2017EC25007D89F9 /* MessengerServerTests */ = {
			isa = PBXNativeTarget;
			buildConfigurationList = 72D948B42017EC26007D89F9 /* Build configuration list for PBXNativeTarget "MessengerServerTests" */;
			buildPhases = (
				3BAE433FC190DF46FED75DA2 /* [CP] Check Pods Manifest.lock */,
				72D948A92017EC25007D89F9 /* Sources */,
				72D948AA2017EC25007D89F9 /* Frameworks */,
				72D948AB2017EC25007D89F9 /* Resources */,
				6C3DF895E3501312B4DD2BD6 /* [CP] Embed Pods Frameworks */,
				6B03F50009F565172F1598ED /* [CP] Copy Pods Resources */,
			);
			buildRules = (
			);
			dependencies = (
			);
			name = MessengerServerTests;
			productName = MessengerServerTests;
			productReference = 72D948AD2017EC25007D89F9 /* MessengerServerTests.xctest */;
			productType = "com.apple.product-type.bundle.unit-test";
		};
/* End PBXNativeTarget section */

/* Begin PBXProject section */
		72530FB41FF2FC8C009500BD /* Project object */ = {
			isa = PBXProject;
			attributes = {
				LastUpgradeCheck = 0900;
				ORGANIZATIONNAME = "Anton Kovalchuk";
				TargetAttributes = {
					72530FBB1FF2FC8C009500BD = {
						CreatedOnToolsVersion = 9.0;
						ProvisioningStyle = Automatic;
					};
					72D948AC2017EC25007D89F9 = {
						CreatedOnToolsVersion = 9.0;
						ProvisioningStyle = Automatic;
					};
				};
			};
			buildConfigurationList = 72530FB71FF2FC8C009500BD /* Build configuration list for PBXProject "MessengerServer" */;
			compatibilityVersion = "Xcode 8.0";
			developmentRegion = en;
			hasScannedForEncodings = 0;
			knownRegions = (
				en,
			);
			mainGroup = 72530FB31FF2FC8C009500BD;
			productRefGroup = 72530FBD1FF2FC8C009500BD /* Products */;
			projectDirPath = "";
			projectRoot = "";
			targets = (
				72530FBB1FF2FC8C009500BD /* MessengerServer */,
				72D948AC2017EC25007D89F9 /* MessengerServerTests */,
			);
		};
/* End PBXProject section */

/* Begin PBXResourcesBuildPhase section */
		72D948AB2017EC25007D89F9 /* Resources */ = {
			isa = PBXResourcesBuildPhase;
			buildActionMask = 2147483647;
			files = (
			);
			runOnlyForDeploymentPostprocessing = 0;
		};
/* End PBXResourcesBuildPhase section */

/* Begin PBXShellScriptBuildPhase section */
		29977FC18B5DE25BCDDC0232 /* [CP] Check Pods Manifest.lock */ = {
			isa = PBXShellScriptBuildPhase;
			buildActionMask = 2147483647;
			files = (
			);
			inputPaths = (
				"${PODS_PODFILE_DIR_PATH}/Podfile.lock",
				"${PODS_ROOT}/Manifest.lock",
			);
			name = "[CP] Check Pods Manifest.lock";
			outputPaths = (
				"$(DERIVED_FILE_DIR)/Pods-MessengerServer-checkManifestLockResult.txt",
			);
			runOnlyForDeploymentPostprocessing = 0;
			shellPath = /bin/sh;
			shellScript = "diff \"${PODS_PODFILE_DIR_PATH}/Podfile.lock\" \"${PODS_ROOT}/Manifest.lock\" > /dev/null\nif [ $? != 0 ] ; then\n    # print error to STDERR\n    echo \"error: The sandbox is not in sync with the Podfile.lock. Run 'pod install' or update your CocoaPods installation.\" >&2\n    exit 1\nfi\n# This output is used by Xcode 'outputs' to avoid re-running this script phase.\necho \"SUCCESS\" > \"${SCRIPT_OUTPUT_FILE_0}\"\n";
			showEnvVarsInLog = 0;
		};
		3BAE433FC190DF46FED75DA2 /* [CP] Check Pods Manifest.lock */ = {
			isa = PBXShellScriptBuildPhase;
			buildActionMask = 2147483647;
			files = (
			);
			inputPaths = (
				"${PODS_PODFILE_DIR_PATH}/Podfile.lock",
				"${PODS_ROOT}/Manifest.lock",
			);
			name = "[CP] Check Pods Manifest.lock";
			outputPaths = (
				"$(DERIVED_FILE_DIR)/Pods-MessengerServerTests-checkManifestLockResult.txt",
			);
			runOnlyForDeploymentPostprocessing = 0;
			shellPath = /bin/sh;
			shellScript = "diff \"${PODS_PODFILE_DIR_PATH}/Podfile.lock\" \"${PODS_ROOT}/Manifest.lock\" > /dev/null\nif [ $? != 0 ] ; then\n    # print error to STDERR\n    echo \"error: The sandbox is not in sync with the Podfile.lock. Run 'pod install' or update your CocoaPods installation.\" >&2\n    exit 1\nfi\n# This output is used by Xcode 'outputs' to avoid re-running this script phase.\necho \"SUCCESS\" > \"${SCRIPT_OUTPUT_FILE_0}\"\n";
			showEnvVarsInLog = 0;
		};
		6B03F50009F565172F1598ED /* [CP] Copy Pods Resources */ = {
			isa = PBXShellScriptBuildPhase;
			buildActionMask = 2147483647;
			files = (
			);
			inputPaths = (
			);
			name = "[CP] Copy Pods Resources";
			outputPaths = (
			);
			runOnlyForDeploymentPostprocessing = 0;
			shellPath = /bin/sh;
			shellScript = "\"${SRCROOT}/Pods/Target Support Files/Pods-MessengerServerTests/Pods-MessengerServerTests-resources.sh\"\n";
			showEnvVarsInLog = 0;
		};
		6C3DF895E3501312B4DD2BD6 /* [CP] Embed Pods Frameworks */ = {
			isa = PBXShellScriptBuildPhase;
			buildActionMask = 2147483647;
			files = (
			);
			inputPaths = (
				"${SRCROOT}/Pods/Target Support Files/Pods-MessengerServerTests/Pods-MessengerServerTests-frameworks.sh",
				"${BUILT_PRODUCTS_DIR}/OCMock/OCMock.framework",
			);
			name = "[CP] Embed Pods Frameworks";
			outputPaths = (
				"${TARGET_BUILD_DIR}/${FRAMEWORKS_FOLDER_PATH}/OCMock.framework",
			);
			runOnlyForDeploymentPostprocessing = 0;
			shellPath = /bin/sh;
			shellScript = "\"${SRCROOT}/Pods/Target Support Files/Pods-MessengerServerTests/Pods-MessengerServerTests-frameworks.sh\"\n";
			showEnvVarsInLog = 0;
		};
		B31FB3B976389CBD51B9F83C /* [CP] Copy Pods Resources */ = {
			isa = PBXShellScriptBuildPhase;
			buildActionMask = 2147483647;
			files = (
			);
			inputPaths = (
			);
			name = "[CP] Copy Pods Resources";
			outputPaths = (
			);
			runOnlyForDeploymentPostprocessing = 0;
			shellPath = /bin/sh;
			shellScript = "\"${SRCROOT}/Pods/Target Support Files/Pods-MessengerServer/Pods-MessengerServer-resources.sh\"\n";
			showEnvVarsInLog = 0;
		};
/* End PBXShellScriptBuildPhase section */

/* Begin PBXSourcesBuildPhase section */
		72530FB81FF2FC8C009500BD /* Sources */ = {
			isa = PBXSourcesBuildPhase;
			buildActionMask = 2147483647;
			files = (
				72719822207D50750077C8C4 /* MessageEncoder.m in Sources */,
				72EC2D5A2023BCFB004756C5 /* AddressUtility.m in Sources */,
				72FDFDE52019276700880B81 /* DelimiterFramer.m in Sources */,
				72EC2D4720226EAF004756C5 /* RegistrationDecoder.m in Sources */,
				72719826207D50A60077C8C4 /* MessageService.m in Sources */,
				72EC2D2520211F49004756C5 /* RegistrationResponse.m in Sources */,
				72530FC01FF2FC8C009500BD /* main.m in Sources */,
				72D948BE2017ECAB007D89F9 /* ServicesManager.m in Sources */,
				721CDD8E204DD7420099903C /* User.m in Sources */,
				7271982C207D53830077C8C4 /* MessageRequest.m in Sources */,
				72EC2D2920211F4F004756C5 /* RegistrationRequest.m in Sources */,
				7271981E207D50570077C8C4 /* MessageDecoder.m in Sources */,
				72143400204DDA3A00C6E739 /* UserStorage.m in Sources */,
				72EC2D222021081A004756C5 /* RegistrationService.m in Sources */,
				721434092061BB4100C6E739 /* MockSocketManager.m in Sources */,
				721CDD8B204DD1EB0099903C /* ErrorHelper.m in Sources */,
				72EC2D202021081A004756C5 /* RegistrationEncoder.m in Sources */,
				721434042061ACD900C6E739 /* SocketHelper.m in Sources */,
				7271982F207D538F0077C8C4 /* MessageResponse.m in Sources */,
			);
			runOnlyForDeploymentPostprocessing = 0;
		};
		72D948A92017EC25007D89F9 /* Sources */ = {
			isa = PBXSourcesBuildPhase;
			buildActionMask = 2147483647;
			files = (
				72719837207D541A0077C8C4 /* MessageDecoderTests.m in Sources */,
				721433FD204DD9B800C6E739 /* User.m in Sources */,
				72EC2D3220212799004756C5 /* RegistrationDecoderTests.m in Sources */,
				72EC2D3120212799004756C5 /* RegistrationServiceTests.m in Sources */,
				721433FC204DD9A500C6E739 /* ErrorHelper.m in Sources */,
				72EC2D502023ABCF004756C5 /* MockFramer.m in Sources */,
				72719839207D542E0077C8C4 /* MessageServiceTests.m in Sources */,
				72EC2D3020212799004756C5 /* RegistrationEncoderTests.m in Sources */,
				72EC2D39202127A8004756C5 /* RegistrationRequestTests.m in Sources */,
				727198162076A4240077C8C4 /* UserStorageTests.m in Sources */,
				72719833207D53DB0077C8C4 /* MessageResponseTests.m in Sources */,
				72EC2D3A202127A8004756C5 /* RegistrationResponseTests.m in Sources */,
				721CDD90204DD8C80099903C /* UserTests.m in Sources */,
				72EC2D572023AD1E004756C5 /* ServicesManager.m in Sources */,
				7214340A2061BB4100C6E739 /* MockSocketManager.m in Sources */,
				72EC2D4920226FAD004756C5 /* RegistrationEncoder.m in Sources */,
				721434052061ACD900C6E739 /* SocketHelper.m in Sources */,
				72D948B62017EC49007D89F9 /* ServicesManagerTests.m in Sources */,
				72EC2D4820226FA4004756C5 /* RegistrationDecoder.m in Sources */,
				72EC2D562023ACF3004756C5 /* MockMessageReceiver.m in Sources */,
				72719831207D53CE0077C8C4 /* MessageRequestTests.m in Sources */,
				72EC2D4C20226FC0004756C5 /* RegistrationResponse.m in Sources */,
				72EC2D45202127B0004756C5 /* MockRegistrationEncoder.m in Sources */,
				72EC2D4A20226FB0004756C5 /* RegistrationService.m in Sources */,
				721CDD882029218A0099903C /* AddressUtility.m in Sources */,
				72EC2D4B20226FBE004756C5 /* RegistrationRequest.m in Sources */,
				72143401204DDA3A00C6E739 /* UserStorage.m in Sources */,
				72719835207D53FF0077C8C4 /* MessageEncoderTests.m in Sources */,
				72EC2D46202127B0004756C5 /* MockRegistrationServiceDelegate.m in Sources */,
				72EC2D44202127B0004756C5 /* MockRegistrationEncoderWithError.m in Sources */,
				72EC2D43202127B0004756C5 /* MockRegistrationDecoder.m in Sources */,
			);
			runOnlyForDeploymentPostprocessing = 0;
		};
/* End PBXSourcesBuildPhase section */

/* Begin XCBuildConfiguration section */
		72530FC11FF2FC8C009500BD /* Debug */ = {
			isa = XCBuildConfiguration;
			buildSettings = {
				ALWAYS_SEARCH_USER_PATHS = NO;
				CLANG_ANALYZER_NONNULL = YES;
				CLANG_ANALYZER_NUMBER_OBJECT_CONVERSION = YES_AGGRESSIVE;
				CLANG_CXX_LANGUAGE_STANDARD = "gnu++14";
				CLANG_CXX_LIBRARY = "libc++";
				CLANG_ENABLE_MODULES = YES;
				CLANG_ENABLE_OBJC_ARC = YES;
				CLANG_WARN_BLOCK_CAPTURE_AUTORELEASING = YES;
				CLANG_WARN_BOOL_CONVERSION = YES;
				CLANG_WARN_COMMA = YES;
				CLANG_WARN_CONSTANT_CONVERSION = YES;
				CLANG_WARN_DIRECT_OBJC_ISA_USAGE = YES_ERROR;
				CLANG_WARN_DOCUMENTATION_COMMENTS = YES;
				CLANG_WARN_EMPTY_BODY = YES;
				CLANG_WARN_ENUM_CONVERSION = YES;
				CLANG_WARN_INFINITE_RECURSION = YES;
				CLANG_WARN_INT_CONVERSION = YES;
				CLANG_WARN_NON_LITERAL_NULL_CONVERSION = YES;
				CLANG_WARN_OBJC_LITERAL_CONVERSION = YES;
				CLANG_WARN_OBJC_ROOT_CLASS = YES_ERROR;
				CLANG_WARN_RANGE_LOOP_ANALYSIS = YES;
				CLANG_WARN_STRICT_PROTOTYPES = YES;
				CLANG_WARN_SUSPICIOUS_MOVE = YES;
				CLANG_WARN_UNGUARDED_AVAILABILITY = YES_AGGRESSIVE;
				CLANG_WARN_UNREACHABLE_CODE = YES;
				CLANG_WARN__DUPLICATE_METHOD_MATCH = YES;
				CODE_SIGN_IDENTITY = "-";
				COPY_PHASE_STRIP = NO;
				DEBUG_INFORMATION_FORMAT = dwarf;
				ENABLE_STRICT_OBJC_MSGSEND = YES;
				ENABLE_TESTABILITY = YES;
				GCC_C_LANGUAGE_STANDARD = gnu11;
				GCC_DYNAMIC_NO_PIC = NO;
				GCC_NO_COMMON_BLOCKS = YES;
				GCC_OPTIMIZATION_LEVEL = 0;
				GCC_PREPROCESSOR_DEFINITIONS = (
					"DEBUG=1",
					"$(inherited)",
				);
				GCC_WARN_64_TO_32_BIT_CONVERSION = YES;
				GCC_WARN_ABOUT_RETURN_TYPE = YES_ERROR;
				GCC_WARN_UNDECLARED_SELECTOR = YES;
				GCC_WARN_UNINITIALIZED_AUTOS = YES_AGGRESSIVE;
				GCC_WARN_UNUSED_FUNCTION = YES;
				GCC_WARN_UNUSED_VARIABLE = YES;
				MACOSX_DEPLOYMENT_TARGET = 10.12;
				MTL_ENABLE_DEBUG_INFO = YES;
				ONLY_ACTIVE_ARCH = YES;
				SDKROOT = macosx;
			};
			name = Debug;
		};
		72530FC21FF2FC8C009500BD /* Release */ = {
			isa = XCBuildConfiguration;
			buildSettings = {
				ALWAYS_SEARCH_USER_PATHS = NO;
				CLANG_ANALYZER_NONNULL = YES;
				CLANG_ANALYZER_NUMBER_OBJECT_CONVERSION = YES_AGGRESSIVE;
				CLANG_CXX_LANGUAGE_STANDARD = "gnu++14";
				CLANG_CXX_LIBRARY = "libc++";
				CLANG_ENABLE_MODULES = YES;
				CLANG_ENABLE_OBJC_ARC = YES;
				CLANG_WARN_BLOCK_CAPTURE_AUTORELEASING = YES;
				CLANG_WARN_BOOL_CONVERSION = YES;
				CLANG_WARN_COMMA = YES;
				CLANG_WARN_CONSTANT_CONVERSION = YES;
				CLANG_WARN_DIRECT_OBJC_ISA_USAGE = YES_ERROR;
				CLANG_WARN_DOCUMENTATION_COMMENTS = YES;
				CLANG_WARN_EMPTY_BODY = YES;
				CLANG_WARN_ENUM_CONVERSION = YES;
				CLANG_WARN_INFINITE_RECURSION = YES;
				CLANG_WARN_INT_CONVERSION = YES;
				CLANG_WARN_NON_LITERAL_NULL_CONVERSION = YES;
				CLANG_WARN_OBJC_LITERAL_CONVERSION = YES;
				CLANG_WARN_OBJC_ROOT_CLASS = YES_ERROR;
				CLANG_WARN_RANGE_LOOP_ANALYSIS = YES;
				CLANG_WARN_STRICT_PROTOTYPES = YES;
				CLANG_WARN_SUSPICIOUS_MOVE = YES;
				CLANG_WARN_UNGUARDED_AVAILABILITY = YES_AGGRESSIVE;
				CLANG_WARN_UNREACHABLE_CODE = YES;
				CLANG_WARN__DUPLICATE_METHOD_MATCH = YES;
				CODE_SIGN_IDENTITY = "-";
				COPY_PHASE_STRIP = NO;
				DEBUG_INFORMATION_FORMAT = "dwarf-with-dsym";
				ENABLE_NS_ASSERTIONS = NO;
				ENABLE_STRICT_OBJC_MSGSEND = YES;
				GCC_C_LANGUAGE_STANDARD = gnu11;
				GCC_NO_COMMON_BLOCKS = YES;
				GCC_WARN_64_TO_32_BIT_CONVERSION = YES;
				GCC_WARN_ABOUT_RETURN_TYPE = YES_ERROR;
				GCC_WARN_UNDECLARED_SELECTOR = YES;
				GCC_WARN_UNINITIALIZED_AUTOS = YES_AGGRESSIVE;
				GCC_WARN_UNUSED_FUNCTION = YES;
				GCC_WARN_UNUSED_VARIABLE = YES;
				MACOSX_DEPLOYMENT_TARGET = 10.12;
				MTL_ENABLE_DEBUG_INFO = NO;
				SDKROOT = macosx;
			};
			name = Release;
		};
		72530FC41FF2FC8C009500BD /* Debug */ = {
			isa = XCBuildConfiguration;
			baseConfigurationReference = 8DEC14ADA71408FCEAB14D59 /* Pods-MessengerServer.debug.xcconfig */;
			buildSettings = {
				CODE_SIGN_STYLE = Automatic;
				PRODUCT_NAME = "$(TARGET_NAME)";
			};
			name = Debug;
		};
		72530FC51FF2FC8C009500BD /* Release */ = {
			isa = XCBuildConfiguration;
			baseConfigurationReference = F8B98637B348AA0A4E7626C8 /* Pods-MessengerServer.release.xcconfig */;
			buildSettings = {
				CODE_SIGN_STYLE = Automatic;
				PRODUCT_NAME = "$(TARGET_NAME)";
			};
			name = Release;
		};
		72D948B22017EC26007D89F9 /* Debug */ = {
			isa = XCBuildConfiguration;
			baseConfigurationReference = 9FE94A0896CA385C66EDBC9D /* Pods-MessengerServerTests.debug.xcconfig */;
			buildSettings = {
				CODE_SIGN_STYLE = Automatic;
				COMBINE_HIDPI_IMAGES = YES;
				INFOPLIST_FILE = MessengerServerTests/Info.plist;
				LD_RUNPATH_SEARCH_PATHS = "$(inherited) @executable_path/../Frameworks @loader_path/../Frameworks";
				PRODUCT_BUNDLE_IDENTIFIER = com.kovalgek.MessengerServerTests;
				PRODUCT_NAME = "$(TARGET_NAME)";
			};
			name = Debug;
		};
		72D948B32017EC26007D89F9 /* Release */ = {
			isa = XCBuildConfiguration;
			baseConfigurationReference = B9AD9C0385635E50E026F277 /* Pods-MessengerServerTests.release.xcconfig */;
			buildSettings = {
				CODE_SIGN_STYLE = Automatic;
				COMBINE_HIDPI_IMAGES = YES;
				INFOPLIST_FILE = MessengerServerTests/Info.plist;
				LD_RUNPATH_SEARCH_PATHS = "$(inherited) @executable_path/../Frameworks @loader_path/../Frameworks";
				PRODUCT_BUNDLE_IDENTIFIER = com.kovalgek.MessengerServerTests;
				PRODUCT_NAME = "$(TARGET_NAME)";
			};
			name = Release;
		};
/* End XCBuildConfiguration section */

/* Begin XCConfigurationList section */
		72530FB71FF2FC8C009500BD /* Build configuration list for PBXProject "MessengerServer" */ = {
			isa = XCConfigurationList;
			buildConfigurations = (
				72530FC11FF2FC8C009500BD /* Debug */,
				72530FC21FF2FC8C009500BD /* Release */,
			);
			defaultConfigurationIsVisible = 0;
			defaultConfigurationName = Release;
		};
		72530FC31FF2FC8C009500BD /* Build configuration list for PBXNativeTarget "MessengerServer" */ = {
			isa = XCConfigurationList;
			buildConfigurations = (
				72530FC41FF2FC8C009500BD /* Debug */,
				72530FC51FF2FC8C009500BD /* Release */,
			);
			defaultConfigurationIsVisible = 0;
			defaultConfigurationName = Release;
		};
		72D948B42017EC26007D89F9 /* Build configuration list for PBXNativeTarget "MessengerServerTests" */ = {
			isa = XCConfigurationList;
			buildConfigurations = (
				72D948B22017EC26007D89F9 /* Debug */,
				72D948B32017EC26007D89F9 /* Release */,
			);
			defaultConfigurationIsVisible = 0;
			defaultConfigurationName = Release;
		};
/* End XCConfigurationList section */
	};
	rootObject = 72530FB41FF2FC8C009500BD /* Project object */;
}
